// !$*UTF8*$!
{
	archiveVersion = 1;
	classes = {
	};
	objectVersion = 48;
	objects = {

/* Begin PBXBuildFile section */
		49137BC620FD6FB300DE6B90 /* LocationDatabase.swift in Sources */ = {isa = PBXBuildFile; fileRef = 49137BC520FD6FB300DE6B90 /* LocationDatabase.swift */; };
		49137BC720FD6FB300DE6B90 /* LocationDatabase.swift in Sources */ = {isa = PBXBuildFile; fileRef = 49137BC520FD6FB300DE6B90 /* LocationDatabase.swift */; };
		49137BC820FD6FB300DE6B90 /* LocationDatabase.swift in Sources */ = {isa = PBXBuildFile; fileRef = 49137BC520FD6FB300DE6B90 /* LocationDatabase.swift */; };
		4922D7FF2101FF2D00E14B3D /* HealthKit.framework in Frameworks */ = {isa = PBXBuildFile; fileRef = 4922D7FE2101FF2D00E14B3D /* HealthKit.framework */; };
		4922D801210208BB00E14B3D /* BiometricTracker.swift in Sources */ = {isa = PBXBuildFile; fileRef = 4922D800210208BB00E14B3D /* BiometricTracker.swift */; };
		4922D8032102AF5800E14B3D /* Biometrics.swift in Sources */ = {isa = PBXBuildFile; fileRef = 4922D8022102AF5800E14B3D /* Biometrics.swift */; };
		4922D8042102AF5800E14B3D /* Biometrics.swift in Sources */ = {isa = PBXBuildFile; fileRef = 4922D8022102AF5800E14B3D /* Biometrics.swift */; };
		4922D8052102AF5800E14B3D /* Biometrics.swift in Sources */ = {isa = PBXBuildFile; fileRef = 4922D8022102AF5800E14B3D /* Biometrics.swift */; };
		4922D807210356F300E14B3D /* Charts.framework in Frameworks */ = {isa = PBXBuildFile; fileRef = 4922D806210356F300E14B3D /* Charts.framework */; };
		49381EAF20F4489000F7982D /* AppDelegate.swift in Sources */ = {isa = PBXBuildFile; fileRef = 49381EAE20F4489000F7982D /* AppDelegate.swift */; };
		49381EB120F4489000F7982D /* ViewController.swift in Sources */ = {isa = PBXBuildFile; fileRef = 49381EB020F4489000F7982D /* ViewController.swift */; };
		49381EB320F4489100F7982D /* Assets.xcassets in Resources */ = {isa = PBXBuildFile; fileRef = 49381EB220F4489100F7982D /* Assets.xcassets */; };
		49381EB620F4489100F7982D /* Main.storyboard in Resources */ = {isa = PBXBuildFile; fileRef = 49381EB420F4489100F7982D /* Main.storyboard */; };
		49381EBD20F448CA00F7982D /* MapKit.framework in Frameworks */ = {isa = PBXBuildFile; fileRef = 49381EBC20F448CA00F7982D /* MapKit.framework */; };
		49381EC220FB6AF100F7982D /* CopilotApi.swift in Sources */ = {isa = PBXBuildFile; fileRef = 49381EC120FB6AF100F7982D /* CopilotApi.swift */; };
		49381EC320FB6AF100F7982D /* CopilotApi.swift in Sources */ = {isa = PBXBuildFile; fileRef = 49381EC120FB6AF100F7982D /* CopilotApi.swift */; };
		49381EC420FB6AF100F7982D /* CopilotApi.swift in Sources */ = {isa = PBXBuildFile; fileRef = 49381EC120FB6AF100F7982D /* CopilotApi.swift */; };
		49381EC620FB6B0D00F7982D /* JWT.swift in Sources */ = {isa = PBXBuildFile; fileRef = 49381EC520FB6B0D00F7982D /* JWT.swift */; };
		49381EC720FB6B0D00F7982D /* JWT.swift in Sources */ = {isa = PBXBuildFile; fileRef = 49381EC520FB6B0D00F7982D /* JWT.swift */; };
		49381EC820FB6B0D00F7982D /* JWT.swift in Sources */ = {isa = PBXBuildFile; fileRef = 49381EC520FB6B0D00F7982D /* JWT.swift */; };
		49381ECA20FB6CB800F7982D /* LoginViewController.swift in Sources */ = {isa = PBXBuildFile; fileRef = 49381EC920FB6CB800F7982D /* LoginViewController.swift */; };
		493E653520FE012E0054797D /* LocationSegment.swift in Sources */ = {isa = PBXBuildFile; fileRef = 493E653420FE012E0054797D /* LocationSegment.swift */; };
		493E653620FE012E0054797D /* LocationSegment.swift in Sources */ = {isa = PBXBuildFile; fileRef = 493E653420FE012E0054797D /* LocationSegment.swift */; };
		493E653720FE012E0054797D /* LocationSegment.swift in Sources */ = {isa = PBXBuildFile; fileRef = 493E653420FE012E0054797D /* LocationSegment.swift */; };
		493E653E20FE10BD0054797D /* Interface.storyboard in Resources */ = {isa = PBXBuildFile; fileRef = 493E653C20FE10BD0054797D /* Interface.storyboard */; };
		493E654020FE10BE0054797D /* Assets.xcassets in Resources */ = {isa = PBXBuildFile; fileRef = 493E653F20FE10BE0054797D /* Assets.xcassets */; };
		493E654720FE10BF0054797D /* watchCopilot Extension.appex in Embed App Extensions */ = {isa = PBXBuildFile; fileRef = 493E654620FE10BF0054797D /* watchCopilot Extension.appex */; settings = {ATTRIBUTES = (RemoveHeadersOnCopy, ); }; };
		493E654C20FE10BF0054797D /* InterfaceController.swift in Sources */ = {isa = PBXBuildFile; fileRef = 493E654B20FE10BF0054797D /* InterfaceController.swift */; };
		493E654E20FE10BF0054797D /* ExtensionDelegate.swift in Sources */ = {isa = PBXBuildFile; fileRef = 493E654D20FE10BF0054797D /* ExtensionDelegate.swift */; };
		493E655020FE10BF0054797D /* NotificationController.swift in Sources */ = {isa = PBXBuildFile; fileRef = 493E654F20FE10BF0054797D /* NotificationController.swift */; };
		493E655220FE10BF0054797D /* Assets.xcassets in Resources */ = {isa = PBXBuildFile; fileRef = 493E655120FE10BF0054797D /* Assets.xcassets */; };
		493E655720FE10BF0054797D /* watchCopilot.app in Embed Watch Content */ = {isa = PBXBuildFile; fileRef = 493E653A20FE10BD0054797D /* watchCopilot.app */; };
		49561112202F451B00464A53 /* WebUplink.swift in Sources */ = {isa = PBXBuildFile; fileRef = 49561111202F451B00464A53 /* WebUplink.swift */; };
		495FDD392100A97600A4EA90 /* Scanners.swift in Sources */ = {isa = PBXBuildFile; fileRef = 495FDD382100A97600A4EA90 /* Scanners.swift */; };
		496BCFB42027A157001C6B48 /* AppDelegate.swift in Sources */ = {isa = PBXBuildFile; fileRef = 496BCFB32027A157001C6B48 /* AppDelegate.swift */; };
		496BCFB62027A157001C6B48 /* MapViewController.swift in Sources */ = {isa = PBXBuildFile; fileRef = 496BCFB52027A157001C6B48 /* MapViewController.swift */; };
		496BCFBB2027A157001C6B48 /* Main.storyboard in Resources */ = {isa = PBXBuildFile; fileRef = 496BCFB92027A157001C6B48 /* Main.storyboard */; };
		496BCFBD2027A157001C6B48 /* Assets.xcassets in Resources */ = {isa = PBXBuildFile; fileRef = 496BCFBC2027A157001C6B48 /* Assets.xcassets */; };
		496BCFC02027A157001C6B48 /* LaunchScreen.storyboard in Resources */ = {isa = PBXBuildFile; fileRef = 496BCFBE2027A157001C6B48 /* LaunchScreen.storyboard */; };
		496BCFC92027A234001C6B48 /* MapKit.framework in Frameworks */ = {isa = PBXBuildFile; fileRef = 496BCFC82027A234001C6B48 /* MapKit.framework */; };
		496BCFCE2028807A001C6B48 /* LocationTracker.swift in Sources */ = {isa = PBXBuildFile; fileRef = 496BCFCD2028807A001C6B48 /* LocationTracker.swift */; };
		496BCFD02029AB1B001C6B48 /* CoreData.framework in Frameworks */ = {isa = PBXBuildFile; fileRef = 496BCFCF2029AB1B001C6B48 /* CoreData.framework */; };
		4996AD562104C60200C10884 /* ScannerViewController.swift in Sources */ = {isa = PBXBuildFile; fileRef = 4996AD552104C60200C10884 /* ScannerViewController.swift */; };
		4998316720F0567500C69215 /* AppDelegate.swift in Sources */ = {isa = PBXBuildFile; fileRef = 4998316620F0567500C69215 /* AppDelegate.swift */; };
		4998316920F0567500C69215 /* ViewController.swift in Sources */ = {isa = PBXBuildFile; fileRef = 4998316820F0567500C69215 /* ViewController.swift */; };
		4998316C20F0567500C69215 /* Main.storyboard in Resources */ = {isa = PBXBuildFile; fileRef = 4998316A20F0567500C69215 /* Main.storyboard */; };
		4998316E20F0567600C69215 /* Assets.xcassets in Resources */ = {isa = PBXBuildFile; fileRef = 4998316D20F0567600C69215 /* Assets.xcassets */; };
		4998317920F0583800C69215 /* Configuration.swift in Sources */ = {isa = PBXBuildFile; fileRef = 4998317820F0583800C69215 /* Configuration.swift */; };
		4998317B20F05ADA00C69215 /* MapKit.framework in Frameworks */ = {isa = PBXBuildFile; fileRef = 4998317A20F05ADA00C69215 /* MapKit.framework */; };
		4998317D20F0706C00C69215 /* TrafficCams.swift in Sources */ = {isa = PBXBuildFile; fileRef = 4998317C20F0706C00C69215 /* TrafficCams.swift */; };
		4998317F20F0707C00C69215 /* WebUplink.swift in Sources */ = {isa = PBXBuildFile; fileRef = 4998317E20F0707C00C69215 /* WebUplink.swift */; };
		4998318120F070B500C69215 /* AudioAlerts.swift in Sources */ = {isa = PBXBuildFile; fileRef = 4998318020F070B500C69215 /* AudioAlerts.swift */; };
		4998318320F0DB8800C69215 /* MeshDiscovery.swift in Sources */ = {isa = PBXBuildFile; fileRef = 4998318220F0DB8800C69215 /* MeshDiscovery.swift */; };
		4998318420F0DB8800C69215 /* MeshDiscovery.swift in Sources */ = {isa = PBXBuildFile; fileRef = 4998318220F0DB8800C69215 /* MeshDiscovery.swift */; };
		4998318620F0EC5700C69215 /* NetworkingViewController.swift in Sources */ = {isa = PBXBuildFile; fileRef = 4998318520F0EC5700C69215 /* NetworkingViewController.swift */; };
		4998318A20F24B6F00C69215 /* Settings.bundle in Resources */ = {isa = PBXBuildFile; fileRef = 4998318920F24B6F00C69215 /* Settings.bundle */; };
		4998318B20F24B6F00C69215 /* Settings.bundle in Resources */ = {isa = PBXBuildFile; fileRef = 4998318920F24B6F00C69215 /* Settings.bundle */; };
		49B69D3B2031B32700ACD609 /* WeatherController.swift in Sources */ = {isa = PBXBuildFile; fileRef = 49B69D3A2031B32700ACD609 /* WeatherController.swift */; };
		49C288C2203085C200D5C212 /* TrafficStatus.swift in Sources */ = {isa = PBXBuildFile; fileRef = 49C288C1203085C200D5C212 /* TrafficStatus.swift */; };
		49C288C42030B13A00D5C212 /* Configuration.swift in Sources */ = {isa = PBXBuildFile; fileRef = 49C288C32030B13A00D5C212 /* Configuration.swift */; };
		49C288CB203103FD00D5C212 /* MainTabController.swift in Sources */ = {isa = PBXBuildFile; fileRef = 49C288CA203103FD00D5C212 /* MainTabController.swift */; };
		49D85CC520345A000088B633 /* WeatherStatus.swift in Sources */ = {isa = PBXBuildFile; fileRef = 49D85CC420345A000088B633 /* WeatherStatus.swift */; };
		49D85CC7203482240088B633 /* AudioAlerts.swift in Sources */ = {isa = PBXBuildFile; fileRef = 49D85CC6203482240088B633 /* AudioAlerts.swift */; };
		49D85CCB203879560088B633 /* LocationStats.swift in Sources */ = {isa = PBXBuildFile; fileRef = 49D85CCA203879560088B633 /* LocationStats.swift */; };
		49D85CCD203C53E40088B633 /* TrafficCams.swift in Sources */ = {isa = PBXBuildFile; fileRef = 49D85CCC203C53E40088B633 /* TrafficCams.swift */; };
		49D85CCF203F11D70088B633 /* TrafficCamController.swift in Sources */ = {isa = PBXBuildFile; fileRef = 49D85CCE203F11D70088B633 /* TrafficCamController.swift */; };
		49FFC68B20C5777700DC6D5A /* TwilioVoice.framework in Frameworks */ = {isa = PBXBuildFile; fileRef = 49FFC68A20C5777700DC6D5A /* TwilioVoice.framework */; };
		49FFC68E20C579F700DC6D5A /* CommsController.swift in Sources */ = {isa = PBXBuildFile; fileRef = 49FFC68D20C579F700DC6D5A /* CommsController.swift */; };
/* End PBXBuildFile section */

/* Begin PBXContainerItemProxy section */
		493E654820FE10BF0054797D /* PBXContainerItemProxy */ = {
			isa = PBXContainerItemProxy;
			containerPortal = 496BCFA82027A157001C6B48 /* Project object */;
			proxyType = 1;
			remoteGlobalIDString = 493E654520FE10BF0054797D;
			remoteInfo = "watchCopilot Extension";
		};
		493E655520FE10BF0054797D /* PBXContainerItemProxy */ = {
			isa = PBXContainerItemProxy;
			containerPortal = 496BCFA82027A157001C6B48 /* Project object */;
			proxyType = 1;
			remoteGlobalIDString = 493E653920FE10BD0054797D;
			remoteInfo = watchCopilot;
		};
/* End PBXContainerItemProxy section */

/* Begin PBXCopyFilesBuildPhase section */
		493E655B20FE10BF0054797D /* Embed App Extensions */ = {
			isa = PBXCopyFilesBuildPhase;
			buildActionMask = 2147483647;
			dstPath = "";
			dstSubfolderSpec = 13;
			files = (
				493E654720FE10BF0054797D /* watchCopilot Extension.appex in Embed App Extensions */,
			);
			name = "Embed App Extensions";
			runOnlyForDeploymentPostprocessing = 0;
		};
		493E655F20FE10BF0054797D /* Embed Watch Content */ = {
			isa = PBXCopyFilesBuildPhase;
			buildActionMask = 2147483647;
			dstPath = "$(CONTENTS_FOLDER_PATH)/Watch";
			dstSubfolderSpec = 16;
			files = (
				493E655720FE10BF0054797D /* watchCopilot.app in Embed Watch Content */,
			);
			name = "Embed Watch Content";
			runOnlyForDeploymentPostprocessing = 0;
		};
/* End PBXCopyFilesBuildPhase section */

/* Begin PBXFileReference section */
		49137BC520FD6FB300DE6B90 /* LocationDatabase.swift */ = {isa = PBXFileReference; lastKnownFileType = sourcecode.swift; path = LocationDatabase.swift; sourceTree = "<group>"; };
		4922D7FE2101FF2D00E14B3D /* HealthKit.framework */ = {isa = PBXFileReference; lastKnownFileType = wrapper.framework; name = HealthKit.framework; path = System/Library/Frameworks/HealthKit.framework; sourceTree = SDKROOT; };
		4922D800210208BB00E14B3D /* BiometricTracker.swift */ = {isa = PBXFileReference; lastKnownFileType = sourcecode.swift; path = BiometricTracker.swift; sourceTree = "<group>"; };
		4922D8022102AF5800E14B3D /* Biometrics.swift */ = {isa = PBXFileReference; lastKnownFileType = sourcecode.swift; path = Biometrics.swift; sourceTree = "<group>"; };
		4922D806210356F300E14B3D /* Charts.framework */ = {isa = PBXFileReference; lastKnownFileType = wrapper.framework; name = Charts.framework; path = Carthage/Build/tvOS/Charts.framework; sourceTree = SOURCE_ROOT; };
		49381EAC20F4489000F7982D /* MacOSCopilot.app */ = {isa = PBXFileReference; explicitFileType = wrapper.application; includeInIndex = 0; path = MacOSCopilot.app; sourceTree = BUILT_PRODUCTS_DIR; };
		49381EAE20F4489000F7982D /* AppDelegate.swift */ = {isa = PBXFileReference; lastKnownFileType = sourcecode.swift; path = AppDelegate.swift; sourceTree = "<group>"; };
		49381EB020F4489000F7982D /* ViewController.swift */ = {isa = PBXFileReference; lastKnownFileType = sourcecode.swift; path = ViewController.swift; sourceTree = "<group>"; };
		49381EB220F4489100F7982D /* Assets.xcassets */ = {isa = PBXFileReference; lastKnownFileType = folder.assetcatalog; path = Assets.xcassets; sourceTree = "<group>"; };
		49381EB520F4489100F7982D /* Base */ = {isa = PBXFileReference; lastKnownFileType = file.storyboard; name = Base; path = Base.lproj/Main.storyboard; sourceTree = "<group>"; };
		49381EB720F4489100F7982D /* Info.plist */ = {isa = PBXFileReference; lastKnownFileType = text.plist.xml; path = Info.plist; sourceTree = "<group>"; };
		49381EB820F4489100F7982D /* MacOSCopilot.entitlements */ = {isa = PBXFileReference; lastKnownFileType = text.plist.entitlements; path = MacOSCopilot.entitlements; sourceTree = "<group>"; };
		49381EBC20F448CA00F7982D /* MapKit.framework */ = {isa = PBXFileReference; lastKnownFileType = wrapper.framework; name = MapKit.framework; path = Platforms/MacOSX.platform/Developer/SDKs/MacOSX10.13.sdk/System/Library/Frameworks/MapKit.framework; sourceTree = DEVELOPER_DIR; };
		49381EC120FB6AF100F7982D /* CopilotApi.swift */ = {isa = PBXFileReference; lastKnownFileType = sourcecode.swift; path = CopilotApi.swift; sourceTree = "<group>"; };
		49381EC520FB6B0D00F7982D /* JWT.swift */ = {isa = PBXFileReference; lastKnownFileType = sourcecode.swift; path = JWT.swift; sourceTree = "<group>"; };
		49381EC920FB6CB800F7982D /* LoginViewController.swift */ = {isa = PBXFileReference; lastKnownFileType = sourcecode.swift; path = LoginViewController.swift; sourceTree = "<group>"; };
		49381ECB20FB72C100F7982D /* libsqlite3.tbd */ = {isa = PBXFileReference; lastKnownFileType = "sourcecode.text-based-dylib-definition"; name = libsqlite3.tbd; path = usr/lib/libsqlite3.tbd; sourceTree = SDKROOT; };
		493E653420FE012E0054797D /* LocationSegment.swift */ = {isa = PBXFileReference; lastKnownFileType = sourcecode.swift; path = LocationSegment.swift; sourceTree = "<group>"; };
		493E653A20FE10BD0054797D /* watchCopilot.app */ = {isa = PBXFileReference; explicitFileType = wrapper.application; includeInIndex = 0; path = watchCopilot.app; sourceTree = BUILT_PRODUCTS_DIR; };
		493E653D20FE10BD0054797D /* Base */ = {isa = PBXFileReference; lastKnownFileType = file.storyboard; name = Base; path = Base.lproj/Interface.storyboard; sourceTree = "<group>"; };
		493E653F20FE10BE0054797D /* Assets.xcassets */ = {isa = PBXFileReference; lastKnownFileType = folder.assetcatalog; path = Assets.xcassets; sourceTree = "<group>"; };
		493E654120FE10BE0054797D /* Info.plist */ = {isa = PBXFileReference; lastKnownFileType = text.plist.xml; path = Info.plist; sourceTree = "<group>"; };
		493E654620FE10BF0054797D /* watchCopilot Extension.appex */ = {isa = PBXFileReference; explicitFileType = "wrapper.app-extension"; includeInIndex = 0; path = "watchCopilot Extension.appex"; sourceTree = BUILT_PRODUCTS_DIR; };
		493E654B20FE10BF0054797D /* InterfaceController.swift */ = {isa = PBXFileReference; lastKnownFileType = sourcecode.swift; path = InterfaceController.swift; sourceTree = "<group>"; };
		493E654D20FE10BF0054797D /* ExtensionDelegate.swift */ = {isa = PBXFileReference; lastKnownFileType = sourcecode.swift; path = ExtensionDelegate.swift; sourceTree = "<group>"; };
		493E654F20FE10BF0054797D /* NotificationController.swift */ = {isa = PBXFileReference; lastKnownFileType = sourcecode.swift; path = NotificationController.swift; sourceTree = "<group>"; };
		493E655120FE10BF0054797D /* Assets.xcassets */ = {isa = PBXFileReference; lastKnownFileType = folder.assetcatalog; path = Assets.xcassets; sourceTree = "<group>"; };
		493E655320FE10BF0054797D /* Info.plist */ = {isa = PBXFileReference; lastKnownFileType = text.plist.xml; path = Info.plist; sourceTree = "<group>"; };
		493E655420FE10BF0054797D /* PushNotificationPayload.apns */ = {isa = PBXFileReference; lastKnownFileType = text; path = PushNotificationPayload.apns; sourceTree = "<group>"; };
		49561111202F451B00464A53 /* WebUplink.swift */ = {isa = PBXFileReference; lastKnownFileType = sourcecode.swift; path = WebUplink.swift; sourceTree = "<group>"; };
		495FDD382100A97600A4EA90 /* Scanners.swift */ = {isa = PBXFileReference; lastKnownFileType = sourcecode.swift; path = Scanners.swift; sourceTree = "<group>"; };
		496BCFB02027A157001C6B48 /* iOSCopilot.app */ = {isa = PBXFileReference; explicitFileType = wrapper.application; includeInIndex = 0; path = iOSCopilot.app; sourceTree = BUILT_PRODUCTS_DIR; };
		496BCFB32027A157001C6B48 /* AppDelegate.swift */ = {isa = PBXFileReference; lastKnownFileType = sourcecode.swift; path = AppDelegate.swift; sourceTree = "<group>"; };
		496BCFB52027A157001C6B48 /* MapViewController.swift */ = {isa = PBXFileReference; lastKnownFileType = sourcecode.swift; path = MapViewController.swift; sourceTree = "<group>"; };
		496BCFBA2027A157001C6B48 /* Base */ = {isa = PBXFileReference; lastKnownFileType = file.storyboard; name = Base; path = Base.lproj/Main.storyboard; sourceTree = "<group>"; };
		496BCFBC2027A157001C6B48 /* Assets.xcassets */ = {isa = PBXFileReference; lastKnownFileType = folder.assetcatalog; path = Assets.xcassets; sourceTree = "<group>"; };
		496BCFBF2027A157001C6B48 /* Base */ = {isa = PBXFileReference; lastKnownFileType = file.storyboard; name = Base; path = Base.lproj/LaunchScreen.storyboard; sourceTree = "<group>"; };
		496BCFC12027A157001C6B48 /* Info.plist */ = {isa = PBXFileReference; lastKnownFileType = text.plist.xml; path = Info.plist; sourceTree = "<group>"; };
		496BCFC82027A234001C6B48 /* MapKit.framework */ = {isa = PBXFileReference; lastKnownFileType = wrapper.framework; name = MapKit.framework; path = System/Library/Frameworks/MapKit.framework; sourceTree = SDKROOT; };
		496BCFCA2027A2C6001C6B48 /* iOSCopilot.entitlements */ = {isa = PBXFileReference; lastKnownFileType = text.plist.entitlements; path = iOSCopilot.entitlements; sourceTree = "<group>"; };
		496BCFCD2028807A001C6B48 /* LocationTracker.swift */ = {isa = PBXFileReference; lastKnownFileType = sourcecode.swift; path = LocationTracker.swift; sourceTree = "<group>"; };
		496BCFCF2029AB1B001C6B48 /* CoreData.framework */ = {isa = PBXFileReference; lastKnownFileType = wrapper.framework; name = CoreData.framework; path = System/Library/Frameworks/CoreData.framework; sourceTree = SDKROOT; };
		4996AD552104C60200C10884 /* ScannerViewController.swift */ = {isa = PBXFileReference; lastKnownFileType = sourcecode.swift; path = ScannerViewController.swift; sourceTree = "<group>"; };
		4998316420F0567500C69215 /* tvOSCopilot.app */ = {isa = PBXFileReference; explicitFileType = wrapper.application; includeInIndex = 0; path = tvOSCopilot.app; sourceTree = BUILT_PRODUCTS_DIR; };
		4998316620F0567500C69215 /* AppDelegate.swift */ = {isa = PBXFileReference; lastKnownFileType = sourcecode.swift; path = AppDelegate.swift; sourceTree = "<group>"; };
		4998316820F0567500C69215 /* ViewController.swift */ = {isa = PBXFileReference; lastKnownFileType = sourcecode.swift; path = ViewController.swift; sourceTree = "<group>"; };
		4998316B20F0567500C69215 /* Base */ = {isa = PBXFileReference; lastKnownFileType = file.storyboard; name = Base; path = Base.lproj/Main.storyboard; sourceTree = "<group>"; };
		4998316D20F0567600C69215 /* Assets.xcassets */ = {isa = PBXFileReference; lastKnownFileType = folder.assetcatalog; path = Assets.xcassets; sourceTree = "<group>"; };
		4998316F20F0567600C69215 /* Info.plist */ = {isa = PBXFileReference; lastKnownFileType = text.plist.xml; path = Info.plist; sourceTree = "<group>"; };
		4998317820F0583800C69215 /* Configuration.swift */ = {isa = PBXFileReference; fileEncoding = 4; lastKnownFileType = sourcecode.swift; name = Configuration.swift; path = CopilotCommon/Configuration.swift; sourceTree = SOURCE_ROOT; };
		4998317A20F05ADA00C69215 /* MapKit.framework */ = {isa = PBXFileReference; lastKnownFileType = wrapper.framework; name = MapKit.framework; path = Platforms/AppleTVOS.platform/Developer/SDKs/AppleTVOS11.4.sdk/System/Library/Frameworks/MapKit.framework; sourceTree = DEVELOPER_DIR; };
		4998317C20F0706C00C69215 /* TrafficCams.swift */ = {isa = PBXFileReference; fileEncoding = 4; lastKnownFileType = sourcecode.swift; name = TrafficCams.swift; path = CopilotCommon/TrafficCams.swift; sourceTree = SOURCE_ROOT; };
		4998317E20F0707C00C69215 /* WebUplink.swift */ = {isa = PBXFileReference; fileEncoding = 4; lastKnownFileType = sourcecode.swift; name = WebUplink.swift; path = CopilotCommon/WebUplink.swift; sourceTree = SOURCE_ROOT; };
		4998318020F070B500C69215 /* AudioAlerts.swift */ = {isa = PBXFileReference; fileEncoding = 4; lastKnownFileType = sourcecode.swift; name = AudioAlerts.swift; path = CopilotCommon/AudioAlerts.swift; sourceTree = SOURCE_ROOT; };
		4998318220F0DB8800C69215 /* MeshDiscovery.swift */ = {isa = PBXFileReference; lastKnownFileType = sourcecode.swift; path = MeshDiscovery.swift; sourceTree = "<group>"; };
		4998318520F0EC5700C69215 /* NetworkingViewController.swift */ = {isa = PBXFileReference; lastKnownFileType = sourcecode.swift; path = NetworkingViewController.swift; sourceTree = "<group>"; };
		4998318920F24B6F00C69215 /* Settings.bundle */ = {isa = PBXFileReference; lastKnownFileType = "wrapper.plug-in"; path = Settings.bundle; sourceTree = "<group>"; };
		49B69D3A2031B32700ACD609 /* WeatherController.swift */ = {isa = PBXFileReference; lastKnownFileType = sourcecode.swift; path = WeatherController.swift; sourceTree = "<group>"; };
		49C288C1203085C200D5C212 /* TrafficStatus.swift */ = {isa = PBXFileReference; lastKnownFileType = sourcecode.swift; path = TrafficStatus.swift; sourceTree = "<group>"; };
		49C288C32030B13A00D5C212 /* Configuration.swift */ = {isa = PBXFileReference; lastKnownFileType = sourcecode.swift; path = Configuration.swift; sourceTree = "<group>"; };
		49C288CA203103FD00D5C212 /* MainTabController.swift */ = {isa = PBXFileReference; lastKnownFileType = sourcecode.swift; path = MainTabController.swift; sourceTree = "<group>"; };
		49D85CC420345A000088B633 /* WeatherStatus.swift */ = {isa = PBXFileReference; lastKnownFileType = sourcecode.swift; path = WeatherStatus.swift; sourceTree = "<group>"; };
		49D85CC6203482240088B633 /* AudioAlerts.swift */ = {isa = PBXFileReference; lastKnownFileType = sourcecode.swift; path = AudioAlerts.swift; sourceTree = "<group>"; };
		49D85CCA203879560088B633 /* LocationStats.swift */ = {isa = PBXFileReference; lastKnownFileType = sourcecode.swift; path = LocationStats.swift; sourceTree = "<group>"; };
		49D85CCC203C53E40088B633 /* TrafficCams.swift */ = {isa = PBXFileReference; lastKnownFileType = sourcecode.swift; path = TrafficCams.swift; sourceTree = "<group>"; };
		49D85CCE203F11D70088B633 /* TrafficCamController.swift */ = {isa = PBXFileReference; lastKnownFileType = sourcecode.swift; path = TrafficCamController.swift; sourceTree = "<group>"; };
		49FFC68A20C5777700DC6D5A /* TwilioVoice.framework */ = {isa = PBXFileReference; lastKnownFileType = wrapper.framework; name = TwilioVoice.framework; path = Carthage/Build/iOS/TwilioVoice.framework; sourceTree = "<group>"; };
		49FFC68D20C579F700DC6D5A /* CommsController.swift */ = {isa = PBXFileReference; lastKnownFileType = sourcecode.swift; path = CommsController.swift; sourceTree = "<group>"; };
/* End PBXFileReference section */

/* Begin PBXFrameworksBuildPhase section */
		49381EA920F4489000F7982D /* Frameworks */ = {
			isa = PBXFrameworksBuildPhase;
			buildActionMask = 2147483647;
			files = (
				49381EBD20F448CA00F7982D /* MapKit.framework in Frameworks */,
			);
			runOnlyForDeploymentPostprocessing = 0;
		};
		493E654320FE10BF0054797D /* Frameworks */ = {
			isa = PBXFrameworksBuildPhase;
			buildActionMask = 2147483647;
			files = (
			);
			runOnlyForDeploymentPostprocessing = 0;
		};
		496BCFAD2027A157001C6B48 /* Frameworks */ = {
			isa = PBXFrameworksBuildPhase;
			buildActionMask = 2147483647;
			files = (
				49FFC68B20C5777700DC6D5A /* TwilioVoice.framework in Frameworks */,
				4922D7FF2101FF2D00E14B3D /* HealthKit.framework in Frameworks */,
				496BCFD02029AB1B001C6B48 /* CoreData.framework in Frameworks */,
				496BCFC92027A234001C6B48 /* MapKit.framework in Frameworks */,
			);
			runOnlyForDeploymentPostprocessing = 0;
		};
		4998316120F0567500C69215 /* Frameworks */ = {
			isa = PBXFrameworksBuildPhase;
			buildActionMask = 2147483647;
			files = (
				4998317B20F05ADA00C69215 /* MapKit.framework in Frameworks */,
				4922D807210356F300E14B3D /* Charts.framework in Frameworks */,
			);
			runOnlyForDeploymentPostprocessing = 0;
		};
/* End PBXFrameworksBuildPhase section */

/* Begin PBXGroup section */
		49381EAD20F4489000F7982D /* MacOSCopilot */ = {
			isa = PBXGroup;
			children = (
				49381EAE20F4489000F7982D /* AppDelegate.swift */,
				49381EB020F4489000F7982D /* ViewController.swift */,
				49381EB220F4489100F7982D /* Assets.xcassets */,
				49381EB420F4489100F7982D /* Main.storyboard */,
				49381EB720F4489100F7982D /* Info.plist */,
				49381EB820F4489100F7982D /* MacOSCopilot.entitlements */,
			);
			path = MacOSCopilot;
			sourceTree = "<group>";
		};
		493E653B20FE10BD0054797D /* watchCopilot */ = {
			isa = PBXGroup;
			children = (
				493E653C20FE10BD0054797D /* Interface.storyboard */,
				493E653F20FE10BE0054797D /* Assets.xcassets */,
				493E654120FE10BE0054797D /* Info.plist */,
			);
			path = watchCopilot;
			sourceTree = "<group>";
		};
		493E654A20FE10BF0054797D /* watchCopilot Extension */ = {
			isa = PBXGroup;
			children = (
				493E654B20FE10BF0054797D /* InterfaceController.swift */,
				493E654D20FE10BF0054797D /* ExtensionDelegate.swift */,
				493E654F20FE10BF0054797D /* NotificationController.swift */,
				493E655120FE10BF0054797D /* Assets.xcassets */,
				493E655320FE10BF0054797D /* Info.plist */,
				493E655420FE10BF0054797D /* PushNotificationPayload.apns */,
			);
			path = "watchCopilot Extension";
			sourceTree = "<group>";
		};
		496BCFA72027A157001C6B48 = {
			isa = PBXGroup;
			children = (
				4998317320F0567D00C69215 /* CopilotCommon */,
				496BCFB22027A157001C6B48 /* iOSCopilot */,
				4998316520F0567500C69215 /* tvOSCopilot */,
				49381EAD20F4489000F7982D /* MacOSCopilot */,
				493E653B20FE10BD0054797D /* watchCopilot */,
				493E654A20FE10BF0054797D /* watchCopilot Extension */,
				496BCFB12027A157001C6B48 /* Products */,
				496BCFC72027A234001C6B48 /* Frameworks */,
			);
			sourceTree = "<group>";
		};
		496BCFB12027A157001C6B48 /* Products */ = {
			isa = PBXGroup;
			children = (
				496BCFB02027A157001C6B48 /* iOSCopilot.app */,
				4998316420F0567500C69215 /* tvOSCopilot.app */,
				49381EAC20F4489000F7982D /* MacOSCopilot.app */,
				493E653A20FE10BD0054797D /* watchCopilot.app */,
				493E654620FE10BF0054797D /* watchCopilot Extension.appex */,
			);
			name = Products;
			sourceTree = "<group>";
		};
		496BCFB22027A157001C6B48 /* iOSCopilot */ = {
			isa = PBXGroup;
			children = (
				496BCFCA2027A2C6001C6B48 /* iOSCopilot.entitlements */,
				496BCFB32027A157001C6B48 /* AppDelegate.swift */,
				496BCFB92027A157001C6B48 /* Main.storyboard */,
				496BCFBC2027A157001C6B48 /* Assets.xcassets */,
				496BCFBE2027A157001C6B48 /* LaunchScreen.storyboard */,
				496BCFC12027A157001C6B48 /* Info.plist */,
				49C288CA203103FD00D5C212 /* MainTabController.swift */,
				49B69D3A2031B32700ACD609 /* WeatherController.swift */,
				496BCFB52027A157001C6B48 /* MapViewController.swift */,
				49D85CCE203F11D70088B633 /* TrafficCamController.swift */,
				49FFC68D20C579F700DC6D5A /* CommsController.swift */,
				4998318520F0EC5700C69215 /* NetworkingViewController.swift */,
				49381EC920FB6CB800F7982D /* LoginViewController.swift */,
				4922D800210208BB00E14B3D /* BiometricTracker.swift */,
				4996AD552104C60200C10884 /* ScannerViewController.swift */,
			);
			path = iOSCopilot;
			sourceTree = "<group>";
		};
		496BCFC72027A234001C6B48 /* Frameworks */ = {
			isa = PBXGroup;
			children = (
				4922D7FE2101FF2D00E14B3D /* HealthKit.framework */,
				49381ECB20FB72C100F7982D /* libsqlite3.tbd */,
				49381EBC20F448CA00F7982D /* MapKit.framework */,
				4998317A20F05ADA00C69215 /* MapKit.framework */,
				49FFC68A20C5777700DC6D5A /* TwilioVoice.framework */,
				496BCFCF2029AB1B001C6B48 /* CoreData.framework */,
				496BCFC82027A234001C6B48 /* MapKit.framework */,
			);
			name = Frameworks;
			sourceTree = "<group>";
		};
		4998316520F0567500C69215 /* tvOSCopilot */ = {
			isa = PBXGroup;
			children = (
				4922D806210356F300E14B3D /* Charts.framework */,
				4998318020F070B500C69215 /* AudioAlerts.swift */,
				4998317E20F0707C00C69215 /* WebUplink.swift */,
				4998317C20F0706C00C69215 /* TrafficCams.swift */,
				4998317820F0583800C69215 /* Configuration.swift */,
				4998316620F0567500C69215 /* AppDelegate.swift */,
				4998316820F0567500C69215 /* ViewController.swift */,
				4998316A20F0567500C69215 /* Main.storyboard */,
				4998316D20F0567600C69215 /* Assets.xcassets */,
				4998316F20F0567600C69215 /* Info.plist */,
			);
			path = tvOSCopilot;
			sourceTree = "<group>";
		};
		4998317320F0567D00C69215 /* CopilotCommon */ = {
			isa = PBXGroup;
			children = (
				49C288C32030B13A00D5C212 /* Configuration.swift */,
				49D85CCA203879560088B633 /* LocationStats.swift */,
				496BCFCD2028807A001C6B48 /* LocationTracker.swift */,
				49561111202F451B00464A53 /* WebUplink.swift */,
				49C288C1203085C200D5C212 /* TrafficStatus.swift */,
				49D85CC420345A000088B633 /* WeatherStatus.swift */,
				49D85CC6203482240088B633 /* AudioAlerts.swift */,
				49D85CCC203C53E40088B633 /* TrafficCams.swift */,
				4998318220F0DB8800C69215 /* MeshDiscovery.swift */,
				4998318920F24B6F00C69215 /* Settings.bundle */,
				49381EC120FB6AF100F7982D /* CopilotApi.swift */,
				49381EC520FB6B0D00F7982D /* JWT.swift */,
				49137BC520FD6FB300DE6B90 /* LocationDatabase.swift */,
				493E653420FE012E0054797D /* LocationSegment.swift */,
				495FDD382100A97600A4EA90 /* Scanners.swift */,
				4922D8022102AF5800E14B3D /* Biometrics.swift */,
			);
			path = CopilotCommon;
			sourceTree = "<group>";
		};
/* End PBXGroup section */

/* Begin PBXNativeTarget section */
		49381EAB20F4489000F7982D /* MacOSCopilot */ = {
			isa = PBXNativeTarget;
			buildConfigurationList = 49381EB920F4489100F7982D /* Build configuration list for PBXNativeTarget "MacOSCopilot" */;
			buildPhases = (
				49381EA820F4489000F7982D /* Sources */,
				49381EA920F4489000F7982D /* Frameworks */,
				49381EAA20F4489000F7982D /* Resources */,
			);
			buildRules = (
			);
			dependencies = (
			);
			name = MacOSCopilot;
			productName = MacOSCopilot;
			productReference = 49381EAC20F4489000F7982D /* MacOSCopilot.app */;
			productType = "com.apple.product-type.application";
		};
		493E653920FE10BD0054797D /* watchCopilot */ = {
			isa = PBXNativeTarget;
			buildConfigurationList = 493E655C20FE10BF0054797D /* Build configuration list for PBXNativeTarget "watchCopilot" */;
			buildPhases = (
				493E653820FE10BD0054797D /* Resources */,
				493E655B20FE10BF0054797D /* Embed App Extensions */,
			);
			buildRules = (
			);
			dependencies = (
				493E654920FE10BF0054797D /* PBXTargetDependency */,
			);
			name = watchCopilot;
			productName = watchCopilot;
			productReference = 493E653A20FE10BD0054797D /* watchCopilot.app */;
			productType = "com.apple.product-type.application.watchapp2";
		};
		493E654520FE10BF0054797D /* watchCopilot Extension */ = {
			isa = PBXNativeTarget;
			buildConfigurationList = 493E655820FE10BF0054797D /* Build configuration list for PBXNativeTarget "watchCopilot Extension" */;
			buildPhases = (
				493E654220FE10BF0054797D /* Sources */,
				493E654320FE10BF0054797D /* Frameworks */,
				493E654420FE10BF0054797D /* Resources */,
			);
			buildRules = (
			);
			dependencies = (
			);
			name = "watchCopilot Extension";
			productName = "watchCopilot Extension";
			productReference = 493E654620FE10BF0054797D /* watchCopilot Extension.appex */;
			productType = "com.apple.product-type.watchkit2-extension";
		};
		496BCFAF2027A157001C6B48 /* iOSCopilot */ = {
			isa = PBXNativeTarget;
			buildConfigurationList = 496BCFC42027A157001C6B48 /* Build configuration list for PBXNativeTarget "iOSCopilot" */;
			buildPhases = (
				496BCFAC2027A157001C6B48 /* Sources */,
				496BCFAD2027A157001C6B48 /* Frameworks */,
				496BCFAE2027A157001C6B48 /* Resources */,
				49FFC68C20C577A500DC6D5A /* ShellScript */,
				493E655F20FE10BF0054797D /* Embed Watch Content */,
			);
			buildRules = (
			);
			dependencies = (
				493E655620FE10BF0054797D /* PBXTargetDependency */,
			);
			name = iOSCopilot;
			productName = iOSCopilot;
			productReference = 496BCFB02027A157001C6B48 /* iOSCopilot.app */;
			productType = "com.apple.product-type.application";
		};
		4998316320F0567500C69215 /* tvOSCopilot */ = {
			isa = PBXNativeTarget;
			buildConfigurationList = 4998317220F0567600C69215 /* Build configuration list for PBXNativeTarget "tvOSCopilot" */;
			buildPhases = (
				4998316020F0567500C69215 /* Sources */,
				4998316120F0567500C69215 /* Frameworks */,
				4998316220F0567500C69215 /* Resources */,
				4922D8082103573C00E14B3D /* ShellScript */,
			);
			buildRules = (
			);
			dependencies = (
			);
			name = tvOSCopilot;
			productName = tvOSCopilot;
			productReference = 4998316420F0567500C69215 /* tvOSCopilot.app */;
			productType = "com.apple.product-type.application";
		};
/* End PBXNativeTarget section */

/* Begin PBXProject section */
		496BCFA82027A157001C6B48 /* Project object */ = {
			isa = PBXProject;
			attributes = {
				LastSwiftUpdateCheck = 0940;
				LastUpgradeCheck = 0920;
				ORGANIZATIONNAME = "William Rory Kronmiller";
				TargetAttributes = {
					49381EAB20F4489000F7982D = {
						CreatedOnToolsVersion = 9.4.1;
						ProvisioningStyle = Automatic;
						SystemCapabilities = {
							com.apple.Maps.Mac = {
								enabled = 1;
							};
						};
					};
					493E653920FE10BD0054797D = {
						CreatedOnToolsVersion = 9.4.1;
						ProvisioningStyle = Automatic;
					};
					493E654520FE10BF0054797D = {
						CreatedOnToolsVersion = 9.4.1;
						ProvisioningStyle = Automatic;
					};
					496BCFAF2027A157001C6B48 = {
						CreatedOnToolsVersion = 9.2;
						ProvisioningStyle = Automatic;
						SystemCapabilities = {
							com.apple.BackgroundModes = {
								enabled = 1;
							};
							com.apple.HealthKit = {
								enabled = 1;
							};
							com.apple.Maps.iOS = {
								enabled = 1;
							};
							com.apple.Push = {
								enabled = 1;
							};
							com.apple.iCloud = {
								enabled = 0;
							};
						};
					};
					4998316320F0567500C69215 = {
						CreatedOnToolsVersion = 9.4.1;
						ProvisioningStyle = Automatic;
						SystemCapabilities = {
							com.apple.Maps.iOS = {
								enabled = 1;
							};
						};
					};
				};
			};
			buildConfigurationList = 496BCFAB2027A157001C6B48 /* Build configuration list for PBXProject "iOSCopilot" */;
			compatibilityVersion = "Xcode 8.0";
			developmentRegion = en;
			hasScannedForEncodings = 0;
			knownRegions = (
				en,
				Base,
			);
			mainGroup = 496BCFA72027A157001C6B48;
			productRefGroup = 496BCFB12027A157001C6B48 /* Products */;
			projectDirPath = "";
			projectRoot = "";
			targets = (
				496BCFAF2027A157001C6B48 /* iOSCopilot */,
				4998316320F0567500C69215 /* tvOSCopilot */,
				49381EAB20F4489000F7982D /* MacOSCopilot */,
				493E653920FE10BD0054797D /* watchCopilot */,
				493E654520FE10BF0054797D /* watchCopilot Extension */,
			);
		};
/* End PBXProject section */

/* Begin PBXResourcesBuildPhase section */
		49381EAA20F4489000F7982D /* Resources */ = {
			isa = PBXResourcesBuildPhase;
			buildActionMask = 2147483647;
			files = (
				49381EB320F4489100F7982D /* Assets.xcassets in Resources */,
				49381EB620F4489100F7982D /* Main.storyboard in Resources */,
			);
			runOnlyForDeploymentPostprocessing = 0;
		};
		493E653820FE10BD0054797D /* Resources */ = {
			isa = PBXResourcesBuildPhase;
			buildActionMask = 2147483647;
			files = (
				493E654020FE10BE0054797D /* Assets.xcassets in Resources */,
				493E653E20FE10BD0054797D /* Interface.storyboard in Resources */,
			);
			runOnlyForDeploymentPostprocessing = 0;
		};
		493E654420FE10BF0054797D /* Resources */ = {
			isa = PBXResourcesBuildPhase;
			buildActionMask = 2147483647;
			files = (
				493E655220FE10BF0054797D /* Assets.xcassets in Resources */,
			);
			runOnlyForDeploymentPostprocessing = 0;
		};
		496BCFAE2027A157001C6B48 /* Resources */ = {
			isa = PBXResourcesBuildPhase;
			buildActionMask = 2147483647;
			files = (
				4998318A20F24B6F00C69215 /* Settings.bundle in Resources */,
				496BCFC02027A157001C6B48 /* LaunchScreen.storyboard in Resources */,
				496BCFBD2027A157001C6B48 /* Assets.xcassets in Resources */,
				496BCFBB2027A157001C6B48 /* Main.storyboard in Resources */,
			);
			runOnlyForDeploymentPostprocessing = 0;
		};
		4998316220F0567500C69215 /* Resources */ = {
			isa = PBXResourcesBuildPhase;
			buildActionMask = 2147483647;
			files = (
				4998316E20F0567600C69215 /* Assets.xcassets in Resources */,
				4998318B20F24B6F00C69215 /* Settings.bundle in Resources */,
				4998316C20F0567500C69215 /* Main.storyboard in Resources */,
			);
			runOnlyForDeploymentPostprocessing = 0;
		};
/* End PBXResourcesBuildPhase section */

/* Begin PBXShellScriptBuildPhase section */
		4922D8082103573C00E14B3D /* ShellScript */ = {
			isa = PBXShellScriptBuildPhase;
			buildActionMask = 2147483647;
			files = (
			);
			inputPaths = (
				"$(SRCROOT)/Carthage/Build/tvOS/Charts.framework",
			);
			outputPaths = (
				"$(DERIVED_FILE_DIR)/$(FRAMEWORKS_FOLDER_PATH)/Charts.framework",
			);
			runOnlyForDeploymentPostprocessing = 0;
			shellPath = /bin/sh;
			shellScript = "/usr/local/bin/carthage copy-frameworks";
		};
		49FFC68C20C577A500DC6D5A /* ShellScript */ = {
			isa = PBXShellScriptBuildPhase;
			buildActionMask = 2147483647;
			files = (
			);
			inputPaths = (
				"$(SRCROOT)/Carthage/Build/iOS/TwilioVoice.framework",
			);
			outputPaths = (
				"$(DERIVED_FILE_DIR)/$(FRAMEWORKS_FOLDER_PATH)/TwilioVoice.framework",
			);
			runOnlyForDeploymentPostprocessing = 0;
			shellPath = /bin/sh;
			shellScript = "/usr/local/bin/carthage copy-frameworks";
		};
/* End PBXShellScriptBuildPhase section */

/* Begin PBXSourcesBuildPhase section */
		49381EA820F4489000F7982D /* Sources */ = {
			isa = PBXSourcesBuildPhase;
			buildActionMask = 2147483647;
			files = (
				4922D8052102AF5800E14B3D /* Biometrics.swift in Sources */,
				493E653720FE012E0054797D /* LocationSegment.swift in Sources */,
				49381EB120F4489000F7982D /* ViewController.swift in Sources */,
				49381EC820FB6B0D00F7982D /* JWT.swift in Sources */,
				49381EAF20F4489000F7982D /* AppDelegate.swift in Sources */,
				49137BC820FD6FB300DE6B90 /* LocationDatabase.swift in Sources */,
				49381EC420FB6AF100F7982D /* CopilotApi.swift in Sources */,
			);
			runOnlyForDeploymentPostprocessing = 0;
		};
		493E654220FE10BF0054797D /* Sources */ = {
			isa = PBXSourcesBuildPhase;
			buildActionMask = 2147483647;
			files = (
				493E655020FE10BF0054797D /* NotificationController.swift in Sources */,
				493E654E20FE10BF0054797D /* ExtensionDelegate.swift in Sources */,
				493E654C20FE10BF0054797D /* InterfaceController.swift in Sources */,
			);
			runOnlyForDeploymentPostprocessing = 0;
		};
		496BCFAC2027A157001C6B48 /* Sources */ = {
			isa = PBXSourcesBuildPhase;
			buildActionMask = 2147483647;
			files = (
				49381ECA20FB6CB800F7982D /* LoginViewController.swift in Sources */,
				493E653520FE012E0054797D /* LocationSegment.swift in Sources */,
				49C288C2203085C200D5C212 /* TrafficStatus.swift in Sources */,
				49137BC620FD6FB300DE6B90 /* LocationDatabase.swift in Sources */,
				4998318620F0EC5700C69215 /* NetworkingViewController.swift in Sources */,
				49C288CB203103FD00D5C212 /* MainTabController.swift in Sources */,
				49FFC68E20C579F700DC6D5A /* CommsController.swift in Sources */,
				49381EC620FB6B0D00F7982D /* JWT.swift in Sources */,
				495FDD392100A97600A4EA90 /* Scanners.swift in Sources */,
				4998318320F0DB8800C69215 /* MeshDiscovery.swift in Sources */,
				49D85CC520345A000088B633 /* WeatherStatus.swift in Sources */,
				49561112202F451B00464A53 /* WebUplink.swift in Sources */,
				49D85CC7203482240088B633 /* AudioAlerts.swift in Sources */,
				49D85CCB203879560088B633 /* LocationStats.swift in Sources */,
				496BCFCE2028807A001C6B48 /* LocationTracker.swift in Sources */,
				496BCFB42027A157001C6B48 /* AppDelegate.swift in Sources */,
				49381EC220FB6AF100F7982D /* CopilotApi.swift in Sources */,
				49D85CCF203F11D70088B633 /* TrafficCamController.swift in Sources */,
				4922D8032102AF5800E14B3D /* Biometrics.swift in Sources */,
				4922D801210208BB00E14B3D /* BiometricTracker.swift in Sources */,
				49C288C42030B13A00D5C212 /* Configuration.swift in Sources */,
				49D85CCD203C53E40088B633 /* TrafficCams.swift in Sources */,
				4996AD562104C60200C10884 /* ScannerViewController.swift in Sources */,
				496BCFB62027A157001C6B48 /* MapViewController.swift in Sources */,
				49B69D3B2031B32700ACD609 /* WeatherController.swift in Sources */,
			);
			runOnlyForDeploymentPostprocessing = 0;
		};
		4998316020F0567500C69215 /* Sources */ = {
			isa = PBXSourcesBuildPhase;
			buildActionMask = 2147483647;
			files = (
				4922D8042102AF5800E14B3D /* Biometrics.swift in Sources */,
				4998318420F0DB8800C69215 /* MeshDiscovery.swift in Sources */,
				4998317920F0583800C69215 /* Configuration.swift in Sources */,
				49381EC320FB6AF100F7982D /* CopilotApi.swift in Sources */,
				49137BC720FD6FB300DE6B90 /* LocationDatabase.swift in Sources */,
				4998318120F070B500C69215 /* AudioAlerts.swift in Sources */,
				4998317F20F0707C00C69215 /* WebUplink.swift in Sources */,
				49381EC720FB6B0D00F7982D /* JWT.swift in Sources */,
				4998316920F0567500C69215 /* ViewController.swift in Sources */,
				4998316720F0567500C69215 /* AppDelegate.swift in Sources */,
				493E653620FE012E0054797D /* LocationSegment.swift in Sources */,
				4998317D20F0706C00C69215 /* TrafficCams.swift in Sources */,
			);
			runOnlyForDeploymentPostprocessing = 0;
		};
/* End PBXSourcesBuildPhase section */

/* Begin PBXTargetDependency section */
		493E654920FE10BF0054797D /* PBXTargetDependency */ = {
			isa = PBXTargetDependency;
			target = 493E654520FE10BF0054797D /* watchCopilot Extension */;
			targetProxy = 493E654820FE10BF0054797D /* PBXContainerItemProxy */;
		};
		493E655620FE10BF0054797D /* PBXTargetDependency */ = {
			isa = PBXTargetDependency;
			target = 493E653920FE10BD0054797D /* watchCopilot */;
			targetProxy = 493E655520FE10BF0054797D /* PBXContainerItemProxy */;
		};
/* End PBXTargetDependency section */

/* Begin PBXVariantGroup section */
		49381EB420F4489100F7982D /* Main.storyboard */ = {
			isa = PBXVariantGroup;
			children = (
				49381EB520F4489100F7982D /* Base */,
			);
			name = Main.storyboard;
			sourceTree = "<group>";
		};
		493E653C20FE10BD0054797D /* Interface.storyboard */ = {
			isa = PBXVariantGroup;
			children = (
				493E653D20FE10BD0054797D /* Base */,
			);
			name = Interface.storyboard;
			sourceTree = "<group>";
		};
		496BCFB92027A157001C6B48 /* Main.storyboard */ = {
			isa = PBXVariantGroup;
			children = (
				496BCFBA2027A157001C6B48 /* Base */,
			);
			name = Main.storyboard;
			sourceTree = "<group>";
		};
		496BCFBE2027A157001C6B48 /* LaunchScreen.storyboard */ = {
			isa = PBXVariantGroup;
			children = (
				496BCFBF2027A157001C6B48 /* Base */,
			);
			name = LaunchScreen.storyboard;
			sourceTree = "<group>";
		};
		4998316A20F0567500C69215 /* Main.storyboard */ = {
			isa = PBXVariantGroup;
			children = (
				4998316B20F0567500C69215 /* Base */,
			);
			name = Main.storyboard;
			sourceTree = "<group>";
		};
/* End PBXVariantGroup section */

/* Begin XCBuildConfiguration section */
		49381EBA20F4489100F7982D /* Debug */ = {
			isa = XCBuildConfiguration;
			buildSettings = {
				ASSETCATALOG_COMPILER_APPICON_NAME = AppIcon;
				CLANG_ENABLE_OBJC_WEAK = YES;
				CLANG_WARN_DEPRECATED_OBJC_IMPLEMENTATIONS = YES;
				CLANG_WARN_OBJC_IMPLICIT_RETAIN_SELF = YES;
				CODE_SIGN_ENTITLEMENTS = MacOSCopilot/MacOSCopilot.entitlements;
				CODE_SIGN_IDENTITY = "Mac Developer";
				CODE_SIGN_STYLE = Automatic;
				COMBINE_HIDPI_IMAGES = YES;
				DEVELOPMENT_TEAM = H64UU5B675;
				INFOPLIST_FILE = MacOSCopilot/Info.plist;
				LD_RUNPATH_SEARCH_PATHS = "$(inherited) @executable_path/../Frameworks";
				MACOSX_DEPLOYMENT_TARGET = 10.13;
				PRODUCT_BUNDLE_IDENTIFIER = coffee.rory.MacOSCopilot;
				PRODUCT_NAME = "$(TARGET_NAME)";
				SDKROOT = macosx;
				SWIFT_VERSION = 4.0;
			};
			name = Debug;
		};
		49381EBB20F4489100F7982D /* Release */ = {
			isa = XCBuildConfiguration;
			buildSettings = {
				ASSETCATALOG_COMPILER_APPICON_NAME = AppIcon;
				CLANG_ENABLE_OBJC_WEAK = YES;
				CLANG_WARN_DEPRECATED_OBJC_IMPLEMENTATIONS = YES;
				CLANG_WARN_OBJC_IMPLICIT_RETAIN_SELF = YES;
				CODE_SIGN_ENTITLEMENTS = MacOSCopilot/MacOSCopilot.entitlements;
				CODE_SIGN_IDENTITY = "Mac Developer";
				CODE_SIGN_STYLE = Automatic;
				COMBINE_HIDPI_IMAGES = YES;
				DEVELOPMENT_TEAM = H64UU5B675;
				INFOPLIST_FILE = MacOSCopilot/Info.plist;
				LD_RUNPATH_SEARCH_PATHS = "$(inherited) @executable_path/../Frameworks";
				MACOSX_DEPLOYMENT_TARGET = 10.13;
				PRODUCT_BUNDLE_IDENTIFIER = coffee.rory.MacOSCopilot;
				PRODUCT_NAME = "$(TARGET_NAME)";
				SDKROOT = macosx;
				SWIFT_VERSION = 4.0;
			};
			name = Release;
		};
		493E655920FE10BF0054797D /* Debug */ = {
			isa = XCBuildConfiguration;
			buildSettings = {
				ASSETCATALOG_COMPILER_COMPLICATION_NAME = Complication;
				CLANG_ENABLE_OBJC_WEAK = YES;
				CLANG_WARN_DEPRECATED_OBJC_IMPLEMENTATIONS = YES;
				CLANG_WARN_OBJC_IMPLICIT_RETAIN_SELF = YES;
				CODE_SIGN_STYLE = Automatic;
				DEVELOPMENT_TEAM = H64UU5B675;
				INFOPLIST_FILE = "watchCopilot Extension/Info.plist";
				LD_RUNPATH_SEARCH_PATHS = "$(inherited) @executable_path/Frameworks @executable_path/../../Frameworks";
				PRODUCT_BUNDLE_IDENTIFIER = net.kronmiller.william.motorcycle.iOSCopilot.watchkitapp.watchkitextension;
				PRODUCT_NAME = "${TARGET_NAME}";
				SDKROOT = watchos;
				SKIP_INSTALL = YES;
				SWIFT_VERSION = 4.0;
				TARGETED_DEVICE_FAMILY = 4;
				WATCHOS_DEPLOYMENT_TARGET = 4.3;
			};
			name = Debug;
		};
		493E655A20FE10BF0054797D /* Release */ = {
			isa = XCBuildConfiguration;
			buildSettings = {
				ASSETCATALOG_COMPILER_COMPLICATION_NAME = Complication;
				CLANG_ENABLE_OBJC_WEAK = YES;
				CLANG_WARN_DEPRECATED_OBJC_IMPLEMENTATIONS = YES;
				CLANG_WARN_OBJC_IMPLICIT_RETAIN_SELF = YES;
				CODE_SIGN_STYLE = Automatic;
				DEVELOPMENT_TEAM = H64UU5B675;
				INFOPLIST_FILE = "watchCopilot Extension/Info.plist";
				LD_RUNPATH_SEARCH_PATHS = "$(inherited) @executable_path/Frameworks @executable_path/../../Frameworks";
				PRODUCT_BUNDLE_IDENTIFIER = net.kronmiller.william.motorcycle.iOSCopilot.watchkitapp.watchkitextension;
				PRODUCT_NAME = "${TARGET_NAME}";
				SDKROOT = watchos;
				SKIP_INSTALL = YES;
				SWIFT_VERSION = 4.0;
				TARGETED_DEVICE_FAMILY = 4;
				WATCHOS_DEPLOYMENT_TARGET = 4.3;
			};
			name = Release;
		};
		493E655D20FE10BF0054797D /* Debug */ = {
			isa = XCBuildConfiguration;
			buildSettings = {
				ALWAYS_EMBED_SWIFT_STANDARD_LIBRARIES = YES;
				ASSETCATALOG_COMPILER_APPICON_NAME = AppIcon;
				CLANG_ENABLE_OBJC_WEAK = YES;
				CLANG_WARN_DEPRECATED_OBJC_IMPLEMENTATIONS = YES;
				CLANG_WARN_OBJC_IMPLICIT_RETAIN_SELF = YES;
				CODE_SIGN_STYLE = Automatic;
				DEVELOPMENT_TEAM = H64UU5B675;
				IBSC_MODULE = watchCopilot_Extension;
				INFOPLIST_FILE = watchCopilot/Info.plist;
				PRODUCT_BUNDLE_IDENTIFIER = net.kronmiller.william.motorcycle.iOSCopilot.watchkitapp;
				PRODUCT_NAME = "$(TARGET_NAME)";
				SDKROOT = watchos;
				SKIP_INSTALL = YES;
				SWIFT_VERSION = 4.0;
				TARGETED_DEVICE_FAMILY = 4;
				WATCHOS_DEPLOYMENT_TARGET = 4.3;
			};
			name = Debug;
		};
		493E655E20FE10BF0054797D /* Release */ = {
			isa = XCBuildConfiguration;
			buildSettings = {
				ALWAYS_EMBED_SWIFT_STANDARD_LIBRARIES = YES;
				ASSETCATALOG_COMPILER_APPICON_NAME = AppIcon;
				CLANG_ENABLE_OBJC_WEAK = YES;
				CLANG_WARN_DEPRECATED_OBJC_IMPLEMENTATIONS = YES;
				CLANG_WARN_OBJC_IMPLICIT_RETAIN_SELF = YES;
				CODE_SIGN_STYLE = Automatic;
				DEVELOPMENT_TEAM = H64UU5B675;
				IBSC_MODULE = watchCopilot_Extension;
				INFOPLIST_FILE = watchCopilot/Info.plist;
				PRODUCT_BUNDLE_IDENTIFIER = net.kronmiller.william.motorcycle.iOSCopilot.watchkitapp;
				PRODUCT_NAME = "$(TARGET_NAME)";
				SDKROOT = watchos;
				SKIP_INSTALL = YES;
				SWIFT_VERSION = 4.0;
				TARGETED_DEVICE_FAMILY = 4;
				WATCHOS_DEPLOYMENT_TARGET = 4.3;
			};
			name = Release;
		};
		496BCFC22027A157001C6B48 /* Debug */ = {
			isa = XCBuildConfiguration;
			buildSettings = {
				ALWAYS_SEARCH_USER_PATHS = NO;
				CLANG_ANALYZER_NONNULL = YES;
				CLANG_ANALYZER_NUMBER_OBJECT_CONVERSION = YES_AGGRESSIVE;
				CLANG_CXX_LANGUAGE_STANDARD = "gnu++14";
				CLANG_CXX_LIBRARY = "libc++";
				CLANG_ENABLE_MODULES = YES;
				CLANG_ENABLE_OBJC_ARC = YES;
				CLANG_WARN_BLOCK_CAPTURE_AUTORELEASING = YES;
				CLANG_WARN_BOOL_CONVERSION = YES;
				CLANG_WARN_COMMA = YES;
				CLANG_WARN_CONSTANT_CONVERSION = YES;
				CLANG_WARN_DIRECT_OBJC_ISA_USAGE = YES_ERROR;
				CLANG_WARN_DOCUMENTATION_COMMENTS = YES;
				CLANG_WARN_EMPTY_BODY = YES;
				CLANG_WARN_ENUM_CONVERSION = YES;
				CLANG_WARN_INFINITE_RECURSION = YES;
				CLANG_WARN_INT_CONVERSION = YES;
				CLANG_WARN_NON_LITERAL_NULL_CONVERSION = YES;
				CLANG_WARN_OBJC_LITERAL_CONVERSION = YES;
				CLANG_WARN_OBJC_ROOT_CLASS = YES_ERROR;
				CLANG_WARN_RANGE_LOOP_ANALYSIS = YES;
				CLANG_WARN_STRICT_PROTOTYPES = YES;
				CLANG_WARN_SUSPICIOUS_MOVE = YES;
				CLANG_WARN_UNGUARDED_AVAILABILITY = YES_AGGRESSIVE;
				CLANG_WARN_UNREACHABLE_CODE = YES;
				CLANG_WARN__DUPLICATE_METHOD_MATCH = YES;
				CODE_SIGN_IDENTITY = "iPhone Developer";
				COPY_PHASE_STRIP = NO;
				DEBUG_INFORMATION_FORMAT = dwarf;
				ENABLE_STRICT_OBJC_MSGSEND = YES;
				ENABLE_TESTABILITY = YES;
				GCC_C_LANGUAGE_STANDARD = gnu11;
				GCC_DYNAMIC_NO_PIC = NO;
				GCC_NO_COMMON_BLOCKS = YES;
				GCC_OPTIMIZATION_LEVEL = 0;
				GCC_PREPROCESSOR_DEFINITIONS = (
					"DEBUG=1",
					"$(inherited)",
				);
				GCC_WARN_64_TO_32_BIT_CONVERSION = YES;
				GCC_WARN_ABOUT_RETURN_TYPE = YES_ERROR;
				GCC_WARN_UNDECLARED_SELECTOR = YES;
				GCC_WARN_UNINITIALIZED_AUTOS = YES_AGGRESSIVE;
				GCC_WARN_UNUSED_FUNCTION = YES;
				GCC_WARN_UNUSED_VARIABLE = YES;
				IPHONEOS_DEPLOYMENT_TARGET = 11.2;
				MTL_ENABLE_DEBUG_INFO = YES;
				ONLY_ACTIVE_ARCH = YES;
				SDKROOT = iphoneos;
				SWIFT_ACTIVE_COMPILATION_CONDITIONS = DEBUG;
				SWIFT_OPTIMIZATION_LEVEL = "-Onone";
			};
			name = Debug;
		};
		496BCFC32027A157001C6B48 /* Release */ = {
			isa = XCBuildConfiguration;
			buildSettings = {
				ALWAYS_SEARCH_USER_PATHS = NO;
				CLANG_ANALYZER_NONNULL = YES;
				CLANG_ANALYZER_NUMBER_OBJECT_CONVERSION = YES_AGGRESSIVE;
				CLANG_CXX_LANGUAGE_STANDARD = "gnu++14";
				CLANG_CXX_LIBRARY = "libc++";
				CLANG_ENABLE_MODULES = YES;
				CLANG_ENABLE_OBJC_ARC = YES;
				CLANG_WARN_BLOCK_CAPTURE_AUTORELEASING = YES;
				CLANG_WARN_BOOL_CONVERSION = YES;
				CLANG_WARN_COMMA = YES;
				CLANG_WARN_CONSTANT_CONVERSION = YES;
				CLANG_WARN_DIRECT_OBJC_ISA_USAGE = YES_ERROR;
				CLANG_WARN_DOCUMENTATION_COMMENTS = YES;
				CLANG_WARN_EMPTY_BODY = YES;
				CLANG_WARN_ENUM_CONVERSION = YES;
				CLANG_WARN_INFINITE_RECURSION = YES;
				CLANG_WARN_INT_CONVERSION = YES;
				CLANG_WARN_NON_LITERAL_NULL_CONVERSION = YES;
				CLANG_WARN_OBJC_LITERAL_CONVERSION = YES;
				CLANG_WARN_OBJC_ROOT_CLASS = YES_ERROR;
				CLANG_WARN_RANGE_LOOP_ANALYSIS = YES;
				CLANG_WARN_STRICT_PROTOTYPES = YES;
				CLANG_WARN_SUSPICIOUS_MOVE = YES;
				CLANG_WARN_UNGUARDED_AVAILABILITY = YES_AGGRESSIVE;
				CLANG_WARN_UNREACHABLE_CODE = YES;
				CLANG_WARN__DUPLICATE_METHOD_MATCH = YES;
				CODE_SIGN_IDENTITY = "iPhone Developer";
				COPY_PHASE_STRIP = NO;
				DEBUG_INFORMATION_FORMAT = "dwarf-with-dsym";
				ENABLE_NS_ASSERTIONS = NO;
				ENABLE_STRICT_OBJC_MSGSEND = YES;
				GCC_C_LANGUAGE_STANDARD = gnu11;
				GCC_NO_COMMON_BLOCKS = YES;
				GCC_WARN_64_TO_32_BIT_CONVERSION = YES;
				GCC_WARN_ABOUT_RETURN_TYPE = YES_ERROR;
				GCC_WARN_UNDECLARED_SELECTOR = YES;
				GCC_WARN_UNINITIALIZED_AUTOS = YES_AGGRESSIVE;
				GCC_WARN_UNUSED_FUNCTION = YES;
				GCC_WARN_UNUSED_VARIABLE = YES;
				IPHONEOS_DEPLOYMENT_TARGET = 11.2;
				MTL_ENABLE_DEBUG_INFO = NO;
				SDKROOT = iphoneos;
				SWIFT_OPTIMIZATION_LEVEL = "-Owholemodule";
				VALIDATE_PRODUCT = YES;
			};
			name = Release;
		};
		496BCFC52027A157001C6B48 /* Debug */ = {
			isa = XCBuildConfiguration;
			buildSettings = {
				ASSETCATALOG_COMPILER_APPICON_NAME = AppIcon;
				CODE_SIGN_ENTITLEMENTS = iOSCopilot/iOSCopilot.entitlements;
				CODE_SIGN_STYLE = Automatic;
				DEVELOPMENT_TEAM = H64UU5B675;
				FRAMEWORK_SEARCH_PATHS = (
					"$(inherited)",
					"$(PROJECT_DIR)",
					"$(PROJECT_DIR)/Carthage/Build/iOS",
				);
				INFOPLIST_FILE = iOSCopilot/Info.plist;
				LD_RUNPATH_SEARCH_PATHS = "$(inherited) @executable_path/Frameworks";
				PRODUCT_BUNDLE_IDENTIFIER = net.kronmiller.william.motorcycle.iOSCopilot;
				PRODUCT_NAME = "$(TARGET_NAME)";
				SWIFT_VERSION = 4.0;
				TARGETED_DEVICE_FAMILY = "1,2";
			};
			name = Debug;
		};
		496BCFC62027A157001C6B48 /* Release */ = {
			isa = XCBuildConfiguration;
			buildSettings = {
				ASSETCATALOG_COMPILER_APPICON_NAME = AppIcon;
				CODE_SIGN_ENTITLEMENTS = iOSCopilot/iOSCopilot.entitlements;
				CODE_SIGN_STYLE = Automatic;
				DEVELOPMENT_TEAM = H64UU5B675;
				FRAMEWORK_SEARCH_PATHS = (
					"$(inherited)",
					"$(PROJECT_DIR)",
					"$(PROJECT_DIR)/Carthage/Build/iOS",
				);
				INFOPLIST_FILE = iOSCopilot/Info.plist;
				LD_RUNPATH_SEARCH_PATHS = "$(inherited) @executable_path/Frameworks";
				PRODUCT_BUNDLE_IDENTIFIER = net.kronmiller.william.motorcycle.iOSCopilot;
				PRODUCT_NAME = "$(TARGET_NAME)";
				SWIFT_VERSION = 4.0;
				TARGETED_DEVICE_FAMILY = "1,2";
			};
			name = Release;
		};
		4998317020F0567600C69215 /* Debug */ = {
			isa = XCBuildConfiguration;
			buildSettings = {
				ASSETCATALOG_COMPILER_APPICON_NAME = "App Icon & Top Shelf Image";
				ASSETCATALOG_COMPILER_LAUNCHIMAGE_NAME = LaunchImage;
				CLANG_ENABLE_OBJC_WEAK = YES;
				CLANG_WARN_DEPRECATED_OBJC_IMPLEMENTATIONS = YES;
				CLANG_WARN_OBJC_IMPLICIT_RETAIN_SELF = YES;
				CODE_SIGN_STYLE = Automatic;
				DEVELOPMENT_TEAM = H64UU5B675;
				FRAMEWORK_SEARCH_PATHS = (
					"$(inherited)",
					"$(PROJECT_DIR)/Carthage/Build/tvOS",
				);
				INFOPLIST_FILE = tvOSCopilot/Info.plist;
				LD_RUNPATH_SEARCH_PATHS = "$(inherited) @executable_path/Frameworks";
				PRODUCT_BUNDLE_IDENTIFIER = coffee.rory.tvOSCopilot;
				PRODUCT_NAME = "$(TARGET_NAME)";
				SDKROOT = appletvos;
				SWIFT_VERSION = 4.0;
				TARGETED_DEVICE_FAMILY = 3;
				TVOS_DEPLOYMENT_TARGET = 11.4;
			};
			name = Debug;
		};
		4998317120F0567600C69215 /* Release */ = {
			isa = XCBuildConfiguration;
			buildSettings = {
				ASSETCATALOG_COMPILER_APPICON_NAME = "App Icon & Top Shelf Image";
				ASSETCATALOG_COMPILER_LAUNCHIMAGE_NAME = LaunchImage;
				CLANG_ENABLE_OBJC_WEAK = YES;
				CLANG_WARN_DEPRECATED_OBJC_IMPLEMENTATIONS = YES;
				CLANG_WARN_OBJC_IMPLICIT_RETAIN_SELF = YES;
				CODE_SIGN_STYLE = Automatic;
				DEVELOPMENT_TEAM = H64UU5B675;
				FRAMEWORK_SEARCH_PATHS = (
					"$(inherited)",
					"$(PROJECT_DIR)/Carthage/Build/tvOS",
				);
				INFOPLIST_FILE = tvOSCopilot/Info.plist;
				LD_RUNPATH_SEARCH_PATHS = "$(inherited) @executable_path/Frameworks";
				PRODUCT_BUNDLE_IDENTIFIER = coffee.rory.tvOSCopilot;
				PRODUCT_NAME = "$(TARGET_NAME)";
				SDKROOT = appletvos;
				SWIFT_VERSION = 4.0;
				TARGETED_DEVICE_FAMILY = 3;
				TVOS_DEPLOYMENT_TARGET = 11.4;
			};
			name = Release;
		};
/* End XCBuildConfiguration section */

/* Begin XCConfigurationList section */
		49381EB920F4489100F7982D /* Build configuration list for PBXNativeTarget "MacOSCopilot" */ = {
			isa = XCConfigurationList;
			buildConfigurations = (
				49381EBA20F4489100F7982D /* Debug */,
				49381EBB20F4489100F7982D /* Release */,
			);
			defaultConfigurationIsVisible = 0;
			defaultConfigurationName = Release;
		};
		493E655820FE10BF0054797D /* Build configuration list for PBXNativeTarget "watchCopilot Extension" */ = {
			isa = XCConfigurationList;
			buildConfigurations = (
				493E655920FE10BF0054797D /* Debug */,
				493E655A20FE10BF0054797D /* Release */,
			);
			defaultConfigurationIsVisible = 0;
			defaultConfigurationName = Release;
		};
		493E655C20FE10BF0054797D /* Build configuration list for PBXNativeTarget "watchCopilot" */ = {
			isa = XCConfigurationList;
			buildConfigurations = (
				493E655D20FE10BF0054797D /* Debug */,
				493E655E20FE10BF0054797D /* Release */,
			);
			defaultConfigurationIsVisible = 0;
			defaultConfigurationName = Release;
		};
		496BCFAB2027A157001C6B48 /* Build configuration list for PBXProject "iOSCopilot" */ = {
			isa = XCConfigurationList;
			buildConfigurations = (
				496BCFC22027A157001C6B48 /* Debug */,
				496BCFC32027A157001C6B48 /* Release */,
			);
			defaultConfigurationIsVisible = 0;
			defaultConfigurationName = Release;
		};
		496BCFC42027A157001C6B48 /* Build configuration list for PBXNativeTarget "iOSCopilot" */ = {
			isa = XCConfigurationList;
			buildConfigurations = (
				496BCFC52027A157001C6B48 /* Debug */,
				496BCFC62027A157001C6B48 /* Release */,
			);
			defaultConfigurationIsVisible = 0;
			defaultConfigurationName = Release;
		};
		4998317220F0567600C69215 /* Build configuration list for PBXNativeTarget "tvOSCopilot" */ = {
			isa = XCConfigurationList;
			buildConfigurations = (
				4998317020F0567600C69215 /* Debug */,
				4998317120F0567600C69215 /* Release */,
			);
			defaultConfigurationIsVisible = 0;
			defaultConfigurationName = Release;
		};
/* End XCConfigurationList section */
	};
	rootObject = 496BCFA82027A157001C6B48 /* Project object */;
}
