// !$*UTF8*$!
{
	archiveVersion = 1;
	classes = {
	};
	objectVersion = 48;
	objects = {

/* Begin PBXBuildFile section */
		49137BC620FD6FB300DE6B90 /* LocationDatabase.swift in Sources */ = {isa = PBXBuildFile; fileRef = 49137BC520FD6FB300DE6B90 /* LocationDatabase.swift */; };
		49137BC720FD6FB300DE6B90 /* LocationDatabase.swift in Sources */ = {isa = PBXBuildFile; fileRef = 49137BC520FD6FB300DE6B90 /* LocationDatabase.swift */; };
		4913894C2124FF780033D98C /* Traffic.swift in Sources */ = {isa = PBXBuildFile; fileRef = 4913894B2124FF780033D98C /* Traffic.swift */; };
		4913894E2125002B0033D98C /* Account.swift in Sources */ = {isa = PBXBuildFile; fileRef = 4913894D2125002B0033D98C /* Account.swift */; };
		4913894F212500530033D98C /* Account.swift in Sources */ = {isa = PBXBuildFile; fileRef = 4913894D2125002B0033D98C /* Account.swift */; };
		491389512125019A0033D98C /* ForecastPeriod.swift in Sources */ = {isa = PBXBuildFile; fileRef = 491389502125019A0033D98C /* ForecastPeriod.swift */; };
		49138953212503470033D98C /* MeshConnection.swift in Sources */ = {isa = PBXBuildFile; fileRef = 49138952212503470033D98C /* MeshConnection.swift */; };
		49138954212503680033D98C /* MeshConnection.swift in Sources */ = {isa = PBXBuildFile; fileRef = 49138952212503470033D98C /* MeshConnection.swift */; };
		491389562125037E0033D98C /* MeshPacket.swift in Sources */ = {isa = PBXBuildFile; fileRef = 491389552125037E0033D98C /* MeshPacket.swift */; };
		491389572125037E0033D98C /* MeshPacket.swift in Sources */ = {isa = PBXBuildFile; fileRef = 491389552125037E0033D98C /* MeshPacket.swift */; };
		49138959212505950033D98C /* AudioAlerts.swift in Sources */ = {isa = PBXBuildFile; fileRef = 49D85CC6203482240088B633 /* AudioAlerts.swift */; };
		4913895B212505F20033D98C /* TrafficCam.swift in Sources */ = {isa = PBXBuildFile; fileRef = 4913895A212505F20033D98C /* TrafficCam.swift */; };
		4913895C212505F20033D98C /* TrafficCam.swift in Sources */ = {isa = PBXBuildFile; fileRef = 4913895A212505F20033D98C /* TrafficCam.swift */; };
		4913895E212506B70033D98C /* Acceleration.swift in Sources */ = {isa = PBXBuildFile; fileRef = 4913895D212506B70033D98C /* Acceleration.swift */; };
		4913895F212506B70033D98C /* Acceleration.swift in Sources */ = {isa = PBXBuildFile; fileRef = 4913895D212506B70033D98C /* Acceleration.swift */; };
		49138960212506D70033D98C /* Acceleration.swift in Sources */ = {isa = PBXBuildFile; fileRef = 4913895D212506B70033D98C /* Acceleration.swift */; };
		4913896521250EAF0033D98C /* Vehicle.swift in Sources */ = {isa = PBXBuildFile; fileRef = 4913896421250EAF0033D98C /* Vehicle.swift */; };
		4913896621250EAF0033D98C /* Vehicle.swift in Sources */ = {isa = PBXBuildFile; fileRef = 4913896421250EAF0033D98C /* Vehicle.swift */; };
		4913896821250EC00033D98C /* User.swift in Sources */ = {isa = PBXBuildFile; fileRef = 4913896721250EC00033D98C /* User.swift */; };
		4913896921250EC00033D98C /* User.swift in Sources */ = {isa = PBXBuildFile; fileRef = 4913896721250EC00033D98C /* User.swift */; };
		4913896A21250EE80033D98C /* User.swift in Sources */ = {isa = PBXBuildFile; fileRef = 4913896721250EC00033D98C /* User.swift */; };
		4913896B21250EEB0033D98C /* Vehicle.swift in Sources */ = {isa = PBXBuildFile; fileRef = 4913896421250EAF0033D98C /* Vehicle.swift */; };
		4913896C21250FCB0033D98C /* WebUplink.swift in Sources */ = {isa = PBXBuildFile; fileRef = 49561111202F451B00464A53 /* WebUplink.swift */; };
		4913896D21250FDB0033D98C /* Configuration.swift in Sources */ = {isa = PBXBuildFile; fileRef = 49C288C32030B13A00D5C212 /* Configuration.swift */; };
		4913896E21250FE80033D98C /* TrafficCams.swift in Sources */ = {isa = PBXBuildFile; fileRef = 49D85CCC203C53E40088B633 /* TrafficCams.swift */; };
		4922D7FF2101FF2D00E14B3D /* HealthKit.framework in Frameworks */ = {isa = PBXBuildFile; fileRef = 4922D7FE2101FF2D00E14B3D /* HealthKit.framework */; };
		4922D801210208BB00E14B3D /* BiometricTracker.swift in Sources */ = {isa = PBXBuildFile; fileRef = 4922D800210208BB00E14B3D /* BiometricTracker.swift */; };
		4922D8032102AF5800E14B3D /* Biometrics.swift in Sources */ = {isa = PBXBuildFile; fileRef = 4922D8022102AF5800E14B3D /* Biometrics.swift */; };
		4922D8042102AF5800E14B3D /* Biometrics.swift in Sources */ = {isa = PBXBuildFile; fileRef = 4922D8022102AF5800E14B3D /* Biometrics.swift */; };
		4922D807210356F300E14B3D /* Charts.framework in Frameworks */ = {isa = PBXBuildFile; fileRef = 4922D806210356F300E14B3D /* Charts.framework */; };
		4928CF01210B5F57009E65B1 /* NotificationCenter.framework in Frameworks */ = {isa = PBXBuildFile; fileRef = 4928CF00210B5F57009E65B1 /* NotificationCenter.framework */; };
		4928CF04210B5F57009E65B1 /* TodayViewController.swift in Sources */ = {isa = PBXBuildFile; fileRef = 4928CF03210B5F57009E65B1 /* TodayViewController.swift */; };
		4928CF07210B5F57009E65B1 /* MainInterface.storyboard in Resources */ = {isa = PBXBuildFile; fileRef = 4928CF05210B5F57009E65B1 /* MainInterface.storyboard */; };
		4928CF0B210B5F57009E65B1 /* CopilotToday.appex in Embed App Extensions */ = {isa = PBXBuildFile; fileRef = 4928CEFF210B5F57009E65B1 /* CopilotToday.appex */; settings = {ATTRIBUTES = (RemoveHeadersOnCopy, ); }; };
		49381EC220FB6AF100F7982D /* CopilotApi.swift in Sources */ = {isa = PBXBuildFile; fileRef = 49381EC120FB6AF100F7982D /* CopilotApi.swift */; };
		49381EC320FB6AF100F7982D /* CopilotApi.swift in Sources */ = {isa = PBXBuildFile; fileRef = 49381EC120FB6AF100F7982D /* CopilotApi.swift */; };
		49381EC620FB6B0D00F7982D /* JWT.swift in Sources */ = {isa = PBXBuildFile; fileRef = 49381EC520FB6B0D00F7982D /* JWT.swift */; };
		49381EC720FB6B0D00F7982D /* JWT.swift in Sources */ = {isa = PBXBuildFile; fileRef = 49381EC520FB6B0D00F7982D /* JWT.swift */; };
		49381ECA20FB6CB800F7982D /* LoginViewController.swift in Sources */ = {isa = PBXBuildFile; fileRef = 49381EC920FB6CB800F7982D /* LoginViewController.swift */; };
		493E653520FE012E0054797D /* LocationSegment.swift in Sources */ = {isa = PBXBuildFile; fileRef = 493E653420FE012E0054797D /* LocationSegment.swift */; };
		493E653620FE012E0054797D /* LocationSegment.swift in Sources */ = {isa = PBXBuildFile; fileRef = 493E653420FE012E0054797D /* LocationSegment.swift */; };
		494B49D8210748E1001F248B /* Jukebox.framework in Frameworks */ = {isa = PBXBuildFile; fileRef = 494B49D7210748E0001F248B /* Jukebox.framework */; };
		4955AD16210C8571008E2BA6 /* RideStatistics.swift in Sources */ = {isa = PBXBuildFile; fileRef = 4955AD15210C8571008E2BA6 /* RideStatistics.swift */; };
		4955AD17210C8571008E2BA6 /* RideStatistics.swift in Sources */ = {isa = PBXBuildFile; fileRef = 4955AD15210C8571008E2BA6 /* RideStatistics.swift */; };
		4955AD18210C8571008E2BA6 /* RideStatistics.swift in Sources */ = {isa = PBXBuildFile; fileRef = 4955AD15210C8571008E2BA6 /* RideStatistics.swift */; };
		4955AD19210C9348008E2BA6 /* Biometrics.swift in Sources */ = {isa = PBXBuildFile; fileRef = 4922D8022102AF5800E14B3D /* Biometrics.swift */; };
		4955AD1A210C9390008E2BA6 /* LocationSegment.swift in Sources */ = {isa = PBXBuildFile; fileRef = 493E653420FE012E0054797D /* LocationSegment.swift */; };
		4955AD1B210C93A3008E2BA6 /* LocationDatabase.swift in Sources */ = {isa = PBXBuildFile; fileRef = 49137BC520FD6FB300DE6B90 /* LocationDatabase.swift */; };
		4955AD1D210E29B3008E2BA6 /* ModeManager.swift in Sources */ = {isa = PBXBuildFile; fileRef = 4955AD1C210E29B3008E2BA6 /* ModeManager.swift */; };
		49561112202F451B00464A53 /* WebUplink.swift in Sources */ = {isa = PBXBuildFile; fileRef = 49561111202F451B00464A53 /* WebUplink.swift */; };
		4968CB9921163FDA00F3081C /* Surge.framework in Frameworks */ = {isa = PBXBuildFile; fileRef = 4968CB9821163FDA00F3081C /* Surge.framework */; };
		496BCFB42027A157001C6B48 /* AppDelegate.swift in Sources */ = {isa = PBXBuildFile; fileRef = 496BCFB32027A157001C6B48 /* AppDelegate.swift */; };
		496BCFB62027A157001C6B48 /* MapViewController.swift in Sources */ = {isa = PBXBuildFile; fileRef = 496BCFB52027A157001C6B48 /* MapViewController.swift */; };
		496BCFBB2027A157001C6B48 /* Main.storyboard in Resources */ = {isa = PBXBuildFile; fileRef = 496BCFB92027A157001C6B48 /* Main.storyboard */; };
		496BCFBD2027A157001C6B48 /* Assets.xcassets in Resources */ = {isa = PBXBuildFile; fileRef = 496BCFBC2027A157001C6B48 /* Assets.xcassets */; };
		496BCFC02027A157001C6B48 /* LaunchScreen.storyboard in Resources */ = {isa = PBXBuildFile; fileRef = 496BCFBE2027A157001C6B48 /* LaunchScreen.storyboard */; };
		496BCFC92027A234001C6B48 /* MapKit.framework in Frameworks */ = {isa = PBXBuildFile; fileRef = 496BCFC82027A234001C6B48 /* MapKit.framework */; };
		496BCFCE2028807A001C6B48 /* LocationTracker.swift in Sources */ = {isa = PBXBuildFile; fileRef = 496BCFCD2028807A001C6B48 /* LocationTracker.swift */; };
		496BCFD02029AB1B001C6B48 /* CoreData.framework in Frameworks */ = {isa = PBXBuildFile; fileRef = 496BCFCF2029AB1B001C6B48 /* CoreData.framework */; };
		4998316720F0567500C69215 /* AppDelegate.swift in Sources */ = {isa = PBXBuildFile; fileRef = 4998316620F0567500C69215 /* AppDelegate.swift */; };
		4998316920F0567500C69215 /* MainMapViewController.swift in Sources */ = {isa = PBXBuildFile; fileRef = 4998316820F0567500C69215 /* MainMapViewController.swift */; };
		4998316C20F0567500C69215 /* Main.storyboard in Resources */ = {isa = PBXBuildFile; fileRef = 4998316A20F0567500C69215 /* Main.storyboard */; };
		4998316E20F0567600C69215 /* Assets.xcassets in Resources */ = {isa = PBXBuildFile; fileRef = 4998316D20F0567600C69215 /* Assets.xcassets */; };
		4998317B20F05ADA00C69215 /* MapKit.framework in Frameworks */ = {isa = PBXBuildFile; fileRef = 4998317A20F05ADA00C69215 /* MapKit.framework */; };
		4998318320F0DB8800C69215 /* MeshDiscovery.swift in Sources */ = {isa = PBXBuildFile; fileRef = 4998318220F0DB8800C69215 /* MeshDiscovery.swift */; };
		4998318420F0DB8800C69215 /* MeshDiscovery.swift in Sources */ = {isa = PBXBuildFile; fileRef = 4998318220F0DB8800C69215 /* MeshDiscovery.swift */; };
		4998318620F0EC5700C69215 /* NetworkingViewController.swift in Sources */ = {isa = PBXBuildFile; fileRef = 4998318520F0EC5700C69215 /* NetworkingViewController.swift */; };
		4998318A20F24B6F00C69215 /* Settings.bundle in Resources */ = {isa = PBXBuildFile; fileRef = 4998318920F24B6F00C69215 /* Settings.bundle */; };
		4998318B20F24B6F00C69215 /* Settings.bundle in Resources */ = {isa = PBXBuildFile; fileRef = 4998318920F24B6F00C69215 /* Settings.bundle */; };
		49B69D3B2031B32700ACD609 /* WeatherController.swift in Sources */ = {isa = PBXBuildFile; fileRef = 49B69D3A2031B32700ACD609 /* WeatherController.swift */; };
		49C288C2203085C200D5C212 /* TrafficStatus.swift in Sources */ = {isa = PBXBuildFile; fileRef = 49C288C1203085C200D5C212 /* TrafficStatus.swift */; };
		49C288C42030B13A00D5C212 /* Configuration.swift in Sources */ = {isa = PBXBuildFile; fileRef = 49C288C32030B13A00D5C212 /* Configuration.swift */; };
		49C288CB203103FD00D5C212 /* MainTabController.swift in Sources */ = {isa = PBXBuildFile; fileRef = 49C288CA203103FD00D5C212 /* MainTabController.swift */; };
		49D85CC520345A000088B633 /* WeatherStatus.swift in Sources */ = {isa = PBXBuildFile; fileRef = 49D85CC420345A000088B633 /* WeatherStatus.swift */; };
		49D85CCB203879560088B633 /* LocationStats.swift in Sources */ = {isa = PBXBuildFile; fileRef = 49D85CCA203879560088B633 /* LocationStats.swift */; };
		49D85CCD203C53E40088B633 /* TrafficCams.swift in Sources */ = {isa = PBXBuildFile; fileRef = 49D85CCC203C53E40088B633 /* TrafficCams.swift */; };
		49D85CCF203F11D70088B633 /* TrafficCamController.swift in Sources */ = {isa = PBXBuildFile; fileRef = 49D85CCE203F11D70088B633 /* TrafficCamController.swift */; };
		49FEF86A210B62BC0006F0F9 /* GroupData.swift in Sources */ = {isa = PBXBuildFile; fileRef = 49FEF869210B62BC0006F0F9 /* GroupData.swift */; };
		49FEF86B210B62BC0006F0F9 /* GroupData.swift in Sources */ = {isa = PBXBuildFile; fileRef = 49FEF869210B62BC0006F0F9 /* GroupData.swift */; };
		49FEF86C210B62BC0006F0F9 /* GroupData.swift in Sources */ = {isa = PBXBuildFile; fileRef = 49FEF869210B62BC0006F0F9 /* GroupData.swift */; };
		49FEF87E210C10500006F0F9 /* StatisticsViewController.swift in Sources */ = {isa = PBXBuildFile; fileRef = 49FEF87D210C10500006F0F9 /* StatisticsViewController.swift */; };
		49FFC68B20C5777700DC6D5A /* TwilioVoice.framework in Frameworks */ = {isa = PBXBuildFile; fileRef = 49FFC68A20C5777700DC6D5A /* TwilioVoice.framework */; };
		49FFC68E20C579F700DC6D5A /* CommsController.swift in Sources */ = {isa = PBXBuildFile; fileRef = 49FFC68D20C579F700DC6D5A /* CommsController.swift */; };
/* End PBXBuildFile section */

/* Begin PBXContainerItemProxy section */
		4928CF09210B5F57009E65B1 /* PBXContainerItemProxy */ = {
			isa = PBXContainerItemProxy;
			containerPortal = 496BCFA82027A157001C6B48 /* Project object */;
			proxyType = 1;
			remoteGlobalIDString = 4928CEFE210B5F57009E65B1;
			remoteInfo = CopilotToday;
		};
/* End PBXContainerItemProxy section */

/* Begin PBXCopyFilesBuildPhase section */
		4928CF0F210B5F57009E65B1 /* Embed App Extensions */ = {
			isa = PBXCopyFilesBuildPhase;
			buildActionMask = 2147483647;
			dstPath = "";
			dstSubfolderSpec = 13;
			files = (
				4928CF0B210B5F57009E65B1 /* CopilotToday.appex in Embed App Extensions */,
			);
			name = "Embed App Extensions";
			runOnlyForDeploymentPostprocessing = 0;
		};
		493E655F20FE10BF0054797D /* Embed Watch Content */ = {
			isa = PBXCopyFilesBuildPhase;
			buildActionMask = 2147483647;
			dstPath = "$(CONTENTS_FOLDER_PATH)/Watch";
			dstSubfolderSpec = 16;
			files = (
			);
			name = "Embed Watch Content";
			runOnlyForDeploymentPostprocessing = 0;
		};
/* End PBXCopyFilesBuildPhase section */

/* Begin PBXFileReference section */
		49137BC520FD6FB300DE6B90 /* LocationDatabase.swift */ = {isa = PBXFileReference; lastKnownFileType = sourcecode.swift; path = LocationDatabase.swift; sourceTree = "<group>"; };
		4913894B2124FF780033D98C /* Traffic.swift */ = {isa = PBXFileReference; lastKnownFileType = sourcecode.swift; path = Traffic.swift; sourceTree = "<group>"; };
		4913894D2125002B0033D98C /* Account.swift */ = {isa = PBXFileReference; lastKnownFileType = sourcecode.swift; path = Account.swift; sourceTree = "<group>"; };
		491389502125019A0033D98C /* ForecastPeriod.swift */ = {isa = PBXFileReference; lastKnownFileType = sourcecode.swift; path = ForecastPeriod.swift; sourceTree = "<group>"; };
		49138952212503470033D98C /* MeshConnection.swift */ = {isa = PBXFileReference; lastKnownFileType = sourcecode.swift; path = MeshConnection.swift; sourceTree = "<group>"; };
		491389552125037E0033D98C /* MeshPacket.swift */ = {isa = PBXFileReference; lastKnownFileType = sourcecode.swift; path = MeshPacket.swift; sourceTree = "<group>"; };
		4913895A212505F20033D98C /* TrafficCam.swift */ = {isa = PBXFileReference; lastKnownFileType = sourcecode.swift; path = TrafficCam.swift; sourceTree = "<group>"; };
		4913895D212506B70033D98C /* Acceleration.swift */ = {isa = PBXFileReference; lastKnownFileType = sourcecode.swift; path = Acceleration.swift; sourceTree = "<group>"; };
		4913896421250EAF0033D98C /* Vehicle.swift */ = {isa = PBXFileReference; lastKnownFileType = sourcecode.swift; path = Vehicle.swift; sourceTree = "<group>"; };
		4913896721250EC00033D98C /* User.swift */ = {isa = PBXFileReference; lastKnownFileType = sourcecode.swift; path = User.swift; sourceTree = "<group>"; };
		4922D7FE2101FF2D00E14B3D /* HealthKit.framework */ = {isa = PBXFileReference; lastKnownFileType = wrapper.framework; name = HealthKit.framework; path = System/Library/Frameworks/HealthKit.framework; sourceTree = SDKROOT; };
		4922D800210208BB00E14B3D /* BiometricTracker.swift */ = {isa = PBXFileReference; lastKnownFileType = sourcecode.swift; path = BiometricTracker.swift; sourceTree = "<group>"; };
		4922D8022102AF5800E14B3D /* Biometrics.swift */ = {isa = PBXFileReference; lastKnownFileType = sourcecode.swift; path = Biometrics.swift; sourceTree = "<group>"; };
		4922D806210356F300E14B3D /* Charts.framework */ = {isa = PBXFileReference; lastKnownFileType = wrapper.framework; name = Charts.framework; path = Carthage/Build/tvOS/Charts.framework; sourceTree = SOURCE_ROOT; };
		4928CEFF210B5F57009E65B1 /* CopilotToday.appex */ = {isa = PBXFileReference; explicitFileType = "wrapper.app-extension"; includeInIndex = 0; path = CopilotToday.appex; sourceTree = BUILT_PRODUCTS_DIR; };
		4928CF00210B5F57009E65B1 /* NotificationCenter.framework */ = {isa = PBXFileReference; lastKnownFileType = wrapper.framework; name = NotificationCenter.framework; path = System/Library/Frameworks/NotificationCenter.framework; sourceTree = SDKROOT; };
		4928CF03210B5F57009E65B1 /* TodayViewController.swift */ = {isa = PBXFileReference; lastKnownFileType = sourcecode.swift; path = TodayViewController.swift; sourceTree = "<group>"; };
		4928CF06210B5F57009E65B1 /* Base */ = {isa = PBXFileReference; lastKnownFileType = file.storyboard; name = Base; path = Base.lproj/MainInterface.storyboard; sourceTree = "<group>"; };
		4928CF08210B5F57009E65B1 /* Info.plist */ = {isa = PBXFileReference; lastKnownFileType = text.plist.xml; path = Info.plist; sourceTree = "<group>"; };
		49381EBC20F448CA00F7982D /* MapKit.framework */ = {isa = PBXFileReference; lastKnownFileType = wrapper.framework; name = MapKit.framework; path = Platforms/MacOSX.platform/Developer/SDKs/MacOSX10.13.sdk/System/Library/Frameworks/MapKit.framework; sourceTree = DEVELOPER_DIR; };
		49381EC120FB6AF100F7982D /* CopilotApi.swift */ = {isa = PBXFileReference; lastKnownFileType = sourcecode.swift; path = CopilotApi.swift; sourceTree = "<group>"; };
		49381EC520FB6B0D00F7982D /* JWT.swift */ = {isa = PBXFileReference; lastKnownFileType = sourcecode.swift; path = JWT.swift; sourceTree = "<group>"; };
		49381EC920FB6CB800F7982D /* LoginViewController.swift */ = {isa = PBXFileReference; lastKnownFileType = sourcecode.swift; path = LoginViewController.swift; sourceTree = "<group>"; };
		49381ECB20FB72C100F7982D /* libsqlite3.tbd */ = {isa = PBXFileReference; lastKnownFileType = "sourcecode.text-based-dylib-definition"; name = libsqlite3.tbd; path = usr/lib/libsqlite3.tbd; sourceTree = SDKROOT; };
		493E653420FE012E0054797D /* LocationSegment.swift */ = {isa = PBXFileReference; lastKnownFileType = sourcecode.swift; path = LocationSegment.swift; sourceTree = "<group>"; };
		494B49D7210748E0001F248B /* Jukebox.framework */ = {isa = PBXFileReference; lastKnownFileType = wrapper.framework; name = Jukebox.framework; path = Carthage/Build/iOS/Jukebox.framework; sourceTree = SOURCE_ROOT; };
		4955AD15210C8571008E2BA6 /* RideStatistics.swift */ = {isa = PBXFileReference; lastKnownFileType = sourcecode.swift; path = RideStatistics.swift; sourceTree = "<group>"; };
		4955AD1C210E29B3008E2BA6 /* ModeManager.swift */ = {isa = PBXFileReference; lastKnownFileType = sourcecode.swift; path = ModeManager.swift; sourceTree = "<group>"; };
		49561111202F451B00464A53 /* WebUplink.swift */ = {isa = PBXFileReference; lastKnownFileType = sourcecode.swift; path = WebUplink.swift; sourceTree = "<group>"; };
		4968CB9821163FDA00F3081C /* Surge.framework */ = {isa = PBXFileReference; lastKnownFileType = wrapper.framework; name = Surge.framework; path = Carthage/Build/tvOS/Surge.framework; sourceTree = SOURCE_ROOT; };
		496BCFB02027A157001C6B48 /* iOSCopilot.app */ = {isa = PBXFileReference; explicitFileType = wrapper.application; includeInIndex = 0; path = iOSCopilot.app; sourceTree = BUILT_PRODUCTS_DIR; };
		496BCFB32027A157001C6B48 /* AppDelegate.swift */ = {isa = PBXFileReference; lastKnownFileType = sourcecode.swift; path = AppDelegate.swift; sourceTree = "<group>"; };
		496BCFB52027A157001C6B48 /* MapViewController.swift */ = {isa = PBXFileReference; lastKnownFileType = sourcecode.swift; path = MapViewController.swift; sourceTree = "<group>"; };
		496BCFBA2027A157001C6B48 /* Base */ = {isa = PBXFileReference; lastKnownFileType = file.storyboard; name = Base; path = Base.lproj/Main.storyboard; sourceTree = "<group>"; };
		496BCFBC2027A157001C6B48 /* Assets.xcassets */ = {isa = PBXFileReference; lastKnownFileType = folder.assetcatalog; path = Assets.xcassets; sourceTree = "<group>"; };
		496BCFBF2027A157001C6B48 /* Base */ = {isa = PBXFileReference; lastKnownFileType = file.storyboard; name = Base; path = Base.lproj/LaunchScreen.storyboard; sourceTree = "<group>"; };
		496BCFC12027A157001C6B48 /* Info.plist */ = {isa = PBXFileReference; lastKnownFileType = text.plist.xml; path = Info.plist; sourceTree = "<group>"; };
		496BCFC82027A234001C6B48 /* MapKit.framework */ = {isa = PBXFileReference; lastKnownFileType = wrapper.framework; name = MapKit.framework; path = System/Library/Frameworks/MapKit.framework; sourceTree = SDKROOT; };
		496BCFCA2027A2C6001C6B48 /* iOSCopilot.entitlements */ = {isa = PBXFileReference; lastKnownFileType = text.plist.entitlements; path = iOSCopilot.entitlements; sourceTree = "<group>"; };
		496BCFCD2028807A001C6B48 /* LocationTracker.swift */ = {isa = PBXFileReference; lastKnownFileType = sourcecode.swift; path = LocationTracker.swift; sourceTree = "<group>"; };
		496BCFCF2029AB1B001C6B48 /* CoreData.framework */ = {isa = PBXFileReference; lastKnownFileType = wrapper.framework; name = CoreData.framework; path = System/Library/Frameworks/CoreData.framework; sourceTree = SDKROOT; };
		4998316420F0567500C69215 /* tvOSCopilot.app */ = {isa = PBXFileReference; explicitFileType = wrapper.application; includeInIndex = 0; path = tvOSCopilot.app; sourceTree = BUILT_PRODUCTS_DIR; };
		4998316620F0567500C69215 /* AppDelegate.swift */ = {isa = PBXFileReference; lastKnownFileType = sourcecode.swift; path = AppDelegate.swift; sourceTree = "<group>"; };
		4998316820F0567500C69215 /* MainMapViewController.swift */ = {isa = PBXFileReference; lastKnownFileType = sourcecode.swift; path = MainMapViewController.swift; sourceTree = "<group>"; };
		4998316B20F0567500C69215 /* Base */ = {isa = PBXFileReference; lastKnownFileType = file.storyboard; name = Base; path = Base.lproj/Main.storyboard; sourceTree = "<group>"; };
		4998316D20F0567600C69215 /* Assets.xcassets */ = {isa = PBXFileReference; lastKnownFileType = folder.assetcatalog; path = Assets.xcassets; sourceTree = "<group>"; };
		4998316F20F0567600C69215 /* Info.plist */ = {isa = PBXFileReference; lastKnownFileType = text.plist.xml; path = Info.plist; sourceTree = "<group>"; };
		4998317A20F05ADA00C69215 /* MapKit.framework */ = {isa = PBXFileReference; lastKnownFileType = wrapper.framework; name = MapKit.framework; path = Platforms/AppleTVOS.platform/Developer/SDKs/AppleTVOS11.4.sdk/System/Library/Frameworks/MapKit.framework; sourceTree = DEVELOPER_DIR; };
		4998318220F0DB8800C69215 /* MeshDiscovery.swift */ = {isa = PBXFileReference; lastKnownFileType = sourcecode.swift; path = MeshDiscovery.swift; sourceTree = "<group>"; };
		4998318520F0EC5700C69215 /* NetworkingViewController.swift */ = {isa = PBXFileReference; lastKnownFileType = sourcecode.swift; path = NetworkingViewController.swift; sourceTree = "<group>"; };
		4998318920F24B6F00C69215 /* Settings.bundle */ = {isa = PBXFileReference; lastKnownFileType = "wrapper.plug-in"; path = Settings.bundle; sourceTree = "<group>"; };
		49B69D3A2031B32700ACD609 /* WeatherController.swift */ = {isa = PBXFileReference; lastKnownFileType = sourcecode.swift; path = WeatherController.swift; sourceTree = "<group>"; };
		49C288C1203085C200D5C212 /* TrafficStatus.swift */ = {isa = PBXFileReference; lastKnownFileType = sourcecode.swift; path = TrafficStatus.swift; sourceTree = "<group>"; };
		49C288C32030B13A00D5C212 /* Configuration.swift */ = {isa = PBXFileReference; lastKnownFileType = sourcecode.swift; path = Configuration.swift; sourceTree = "<group>"; };
		49C288CA203103FD00D5C212 /* MainTabController.swift */ = {isa = PBXFileReference; lastKnownFileType = sourcecode.swift; path = MainTabController.swift; sourceTree = "<group>"; };
		49D85CC420345A000088B633 /* WeatherStatus.swift */ = {isa = PBXFileReference; lastKnownFileType = sourcecode.swift; path = WeatherStatus.swift; sourceTree = "<group>"; };
		49D85CC6203482240088B633 /* AudioAlerts.swift */ = {isa = PBXFileReference; lastKnownFileType = sourcecode.swift; path = AudioAlerts.swift; sourceTree = "<group>"; };
		49D85CCA203879560088B633 /* LocationStats.swift */ = {isa = PBXFileReference; lastKnownFileType = sourcecode.swift; path = LocationStats.swift; sourceTree = "<group>"; };
		49D85CCC203C53E40088B633 /* TrafficCams.swift */ = {isa = PBXFileReference; lastKnownFileType = sourcecode.swift; path = TrafficCams.swift; sourceTree = "<group>"; };
		49D85CCE203F11D70088B633 /* TrafficCamController.swift */ = {isa = PBXFileReference; lastKnownFileType = sourcecode.swift; path = TrafficCamController.swift; sourceTree = "<group>"; };
		49FEF867210B61B60006F0F9 /* CopilotToday.entitlements */ = {isa = PBXFileReference; lastKnownFileType = text.plist.entitlements; path = CopilotToday.entitlements; sourceTree = "<group>"; };
		49FEF869210B62BC0006F0F9 /* GroupData.swift */ = {isa = PBXFileReference; lastKnownFileType = sourcecode.swift; path = GroupData.swift; sourceTree = "<group>"; };
		49FEF87D210C10500006F0F9 /* StatisticsViewController.swift */ = {isa = PBXFileReference; lastKnownFileType = sourcecode.swift; path = StatisticsViewController.swift; sourceTree = "<group>"; };
		49FFC68A20C5777700DC6D5A /* TwilioVoice.framework */ = {isa = PBXFileReference; lastKnownFileType = wrapper.framework; name = TwilioVoice.framework; path = Carthage/Build/iOS/TwilioVoice.framework; sourceTree = "<group>"; };
		49FFC68D20C579F700DC6D5A /* CommsController.swift */ = {isa = PBXFileReference; lastKnownFileType = sourcecode.swift; path = CommsController.swift; sourceTree = "<group>"; };
/* End PBXFileReference section */

/* Begin PBXFrameworksBuildPhase section */
		4928CEFC210B5F57009E65B1 /* Frameworks */ = {
			isa = PBXFrameworksBuildPhase;
			buildActionMask = 2147483647;
			files = (
				4928CF01210B5F57009E65B1 /* NotificationCenter.framework in Frameworks */,
			);
			runOnlyForDeploymentPostprocessing = 0;
		};
		496BCFAD2027A157001C6B48 /* Frameworks */ = {
			isa = PBXFrameworksBuildPhase;
			buildActionMask = 2147483647;
			files = (
				494B49D8210748E1001F248B /* Jukebox.framework in Frameworks */,
				49FFC68B20C5777700DC6D5A /* TwilioVoice.framework in Frameworks */,
				4922D7FF2101FF2D00E14B3D /* HealthKit.framework in Frameworks */,
				496BCFD02029AB1B001C6B48 /* CoreData.framework in Frameworks */,
				496BCFC92027A234001C6B48 /* MapKit.framework in Frameworks */,
			);
			runOnlyForDeploymentPostprocessing = 0;
		};
		4998316120F0567500C69215 /* Frameworks */ = {
			isa = PBXFrameworksBuildPhase;
			buildActionMask = 2147483647;
			files = (
				4968CB9921163FDA00F3081C /* Surge.framework in Frameworks */,
				4998317B20F05ADA00C69215 /* MapKit.framework in Frameworks */,
				4922D807210356F300E14B3D /* Charts.framework in Frameworks */,
			);
			runOnlyForDeploymentPostprocessing = 0;
		};
/* End PBXFrameworksBuildPhase section */

/* Begin PBXGroup section */
		4913894A2124FF680033D98C /* Models */ = {
			isa = PBXGroup;
			children = (
				49381EC520FB6B0D00F7982D /* JWT.swift */,
				493E653420FE012E0054797D /* LocationSegment.swift */,
				49381EC120FB6AF100F7982D /* CopilotApi.swift */,
				4913894B2124FF780033D98C /* Traffic.swift */,
				4913894D2125002B0033D98C /* Account.swift */,
				491389502125019A0033D98C /* ForecastPeriod.swift */,
				49138952212503470033D98C /* MeshConnection.swift */,
				491389552125037E0033D98C /* MeshPacket.swift */,
				4913895A212505F20033D98C /* TrafficCam.swift */,
				4913895D212506B70033D98C /* Acceleration.swift */,
				4913896421250EAF0033D98C /* Vehicle.swift */,
				4913896721250EC00033D98C /* User.swift */,
				4955AD15210C8571008E2BA6 /* RideStatistics.swift */,
			);
			path = Models;
			sourceTree = "<group>";
		};
		4913896321250E310033D98C /* Controllers */ = {
			isa = PBXGroup;
			children = (
				49137BC520FD6FB300DE6B90 /* LocationDatabase.swift */,
				4922D8022102AF5800E14B3D /* Biometrics.swift */,
				49FEF869210B62BC0006F0F9 /* GroupData.swift */,
				49C288C1203085C200D5C212 /* TrafficStatus.swift */,
				49C288C32030B13A00D5C212 /* Configuration.swift */,
				49D85CCA203879560088B633 /* LocationStats.swift */,
				496BCFCD2028807A001C6B48 /* LocationTracker.swift */,
				49561111202F451B00464A53 /* WebUplink.swift */,
				49D85CC420345A000088B633 /* WeatherStatus.swift */,
				49D85CC6203482240088B633 /* AudioAlerts.swift */,
				49D85CCC203C53E40088B633 /* TrafficCams.swift */,
				4998318220F0DB8800C69215 /* MeshDiscovery.swift */,
			);
			path = Controllers;
			sourceTree = "<group>";
		};
		4928CF02210B5F57009E65B1 /* CopilotToday */ = {
			isa = PBXGroup;
			children = (
				49FEF867210B61B60006F0F9 /* CopilotToday.entitlements */,
				4928CF03210B5F57009E65B1 /* TodayViewController.swift */,
				4928CF05210B5F57009E65B1 /* MainInterface.storyboard */,
				4928CF08210B5F57009E65B1 /* Info.plist */,
			);
			path = CopilotToday;
			sourceTree = "<group>";
		};
		496BCFA72027A157001C6B48 = {
			isa = PBXGroup;
			children = (
				4998317320F0567D00C69215 /* CopilotCommon */,
				496BCFB22027A157001C6B48 /* iOSCopilot */,
				4998316520F0567500C69215 /* tvOSCopilot */,
				4928CF02210B5F57009E65B1 /* CopilotToday */,
				496BCFB12027A157001C6B48 /* Products */,
				496BCFC72027A234001C6B48 /* Frameworks */,
			);
			sourceTree = "<group>";
		};
		496BCFB12027A157001C6B48 /* Products */ = {
			isa = PBXGroup;
			children = (
				496BCFB02027A157001C6B48 /* iOSCopilot.app */,
				4998316420F0567500C69215 /* tvOSCopilot.app */,
				4928CEFF210B5F57009E65B1 /* CopilotToday.appex */,
			);
			name = Products;
			sourceTree = "<group>";
		};
		496BCFB22027A157001C6B48 /* iOSCopilot */ = {
			isa = PBXGroup;
			children = (
				494B49D7210748E0001F248B /* Jukebox.framework */,
				496BCFCA2027A2C6001C6B48 /* iOSCopilot.entitlements */,
				496BCFB32027A157001C6B48 /* AppDelegate.swift */,
				496BCFB92027A157001C6B48 /* Main.storyboard */,
				496BCFBC2027A157001C6B48 /* Assets.xcassets */,
				496BCFBE2027A157001C6B48 /* LaunchScreen.storyboard */,
				496BCFC12027A157001C6B48 /* Info.plist */,
				49C288CA203103FD00D5C212 /* MainTabController.swift */,
				49B69D3A2031B32700ACD609 /* WeatherController.swift */,
				496BCFB52027A157001C6B48 /* MapViewController.swift */,
				49D85CCE203F11D70088B633 /* TrafficCamController.swift */,
				49FFC68D20C579F700DC6D5A /* CommsController.swift */,
				4998318520F0EC5700C69215 /* NetworkingViewController.swift */,
				49381EC920FB6CB800F7982D /* LoginViewController.swift */,
				4922D800210208BB00E14B3D /* BiometricTracker.swift */,
				4955AD1C210E29B3008E2BA6 /* ModeManager.swift */,
			);
			path = iOSCopilot;
			sourceTree = "<group>";
		};
		496BCFC72027A234001C6B48 /* Frameworks */ = {
			isa = PBXGroup;
			children = (
				4922D7FE2101FF2D00E14B3D /* HealthKit.framework */,
				49381ECB20FB72C100F7982D /* libsqlite3.tbd */,
				49381EBC20F448CA00F7982D /* MapKit.framework */,
				4998317A20F05ADA00C69215 /* MapKit.framework */,
				49FFC68A20C5777700DC6D5A /* TwilioVoice.framework */,
				496BCFCF2029AB1B001C6B48 /* CoreData.framework */,
				496BCFC82027A234001C6B48 /* MapKit.framework */,
				4928CF00210B5F57009E65B1 /* NotificationCenter.framework */,
			);
			name = Frameworks;
			sourceTree = "<group>";
		};
		4998316520F0567500C69215 /* tvOSCopilot */ = {
			isa = PBXGroup;
			children = (
				4968CB9821163FDA00F3081C /* Surge.framework */,
				4922D806210356F300E14B3D /* Charts.framework */,
				4998316620F0567500C69215 /* AppDelegate.swift */,
				4998316820F0567500C69215 /* MainMapViewController.swift */,
				49FEF87D210C10500006F0F9 /* StatisticsViewController.swift */,
				4998316A20F0567500C69215 /* Main.storyboard */,
				4998316D20F0567600C69215 /* Assets.xcassets */,
				4998316F20F0567600C69215 /* Info.plist */,
			);
			path = tvOSCopilot;
			sourceTree = "<group>";
		};
		4998317320F0567D00C69215 /* CopilotCommon */ = {
			isa = PBXGroup;
			children = (
				4913896321250E310033D98C /* Controllers */,
				4913894A2124FF680033D98C /* Models */,
				4998318920F24B6F00C69215 /* Settings.bundle */,
			);
			path = CopilotCommon;
			sourceTree = "<group>";
		};
/* End PBXGroup section */

/* Begin PBXNativeTarget section */
		4928CEFE210B5F57009E65B1 /* CopilotToday */ = {
			isa = PBXNativeTarget;
			buildConfigurationList = 4928CF0E210B5F57009E65B1 /* Build configuration list for PBXNativeTarget "CopilotToday" */;
			buildPhases = (
				4928CEFB210B5F57009E65B1 /* Sources */,
				4928CEFC210B5F57009E65B1 /* Frameworks */,
				4928CEFD210B5F57009E65B1 /* Resources */,
			);
			buildRules = (
			);
			dependencies = (
			);
			name = CopilotToday;
			productName = CopilotToday;
			productReference = 4928CEFF210B5F57009E65B1 /* CopilotToday.appex */;
			productType = "com.apple.product-type.app-extension";
		};
		496BCFAF2027A157001C6B48 /* iOSCopilot */ = {
			isa = PBXNativeTarget;
			buildConfigurationList = 496BCFC42027A157001C6B48 /* Build configuration list for PBXNativeTarget "iOSCopilot" */;
			buildPhases = (
				496BCFAC2027A157001C6B48 /* Sources */,
				496BCFAD2027A157001C6B48 /* Frameworks */,
				496BCFAE2027A157001C6B48 /* Resources */,
				49FFC68C20C577A500DC6D5A /* ShellScript */,
				493E655F20FE10BF0054797D /* Embed Watch Content */,
				4928CF0F210B5F57009E65B1 /* Embed App Extensions */,
			);
			buildRules = (
			);
			dependencies = (
				4928CF0A210B5F57009E65B1 /* PBXTargetDependency */,
			);
			name = iOSCopilot;
			productName = iOSCopilot;
			productReference = 496BCFB02027A157001C6B48 /* iOSCopilot.app */;
			productType = "com.apple.product-type.application";
		};
		4998316320F0567500C69215 /* tvOSCopilot */ = {
			isa = PBXNativeTarget;
			buildConfigurationList = 4998317220F0567600C69215 /* Build configuration list for PBXNativeTarget "tvOSCopilot" */;
			buildPhases = (
				4998316020F0567500C69215 /* Sources */,
				4998316120F0567500C69215 /* Frameworks */,
				4998316220F0567500C69215 /* Resources */,
				4922D8082103573C00E14B3D /* ShellScript */,
			);
			buildRules = (
			);
			dependencies = (
			);
			name = tvOSCopilot;
			productName = tvOSCopilot;
			productReference = 4998316420F0567500C69215 /* tvOSCopilot.app */;
			productType = "com.apple.product-type.application";
		};
/* End PBXNativeTarget section */

/* Begin PBXProject section */
		496BCFA82027A157001C6B48 /* Project object */ = {
			isa = PBXProject;
			attributes = {
				LastSwiftUpdateCheck = 0940;
				LastUpgradeCheck = 0940;
				ORGANIZATIONNAME = "William Rory Kronmiller";
				TargetAttributes = {
					4928CEFE210B5F57009E65B1 = {
						CreatedOnToolsVersion = 9.4.1;
						ProvisioningStyle = Automatic;
						SystemCapabilities = {
							com.apple.ApplicationGroups.iOS = {
								enabled = 1;
							};
						};
					};
					496BCFAF2027A157001C6B48 = {
						CreatedOnToolsVersion = 9.2;
						ProvisioningStyle = Automatic;
						SystemCapabilities = {
							com.apple.ApplicationGroups.iOS = {
								enabled = 1;
							};
							com.apple.BackgroundModes = {
								enabled = 1;
							};
							com.apple.HealthKit = {
								enabled = 1;
							};
							com.apple.Maps.iOS = {
								enabled = 1;
							};
							com.apple.Push = {
								enabled = 1;
							};
							com.apple.iCloud = {
								enabled = 0;
							};
						};
					};
					4998316320F0567500C69215 = {
						CreatedOnToolsVersion = 9.4.1;
						ProvisioningStyle = Automatic;
						SystemCapabilities = {
							com.apple.Maps.iOS = {
								enabled = 1;
							};
						};
					};
				};
			};
			buildConfigurationList = 496BCFAB2027A157001C6B48 /* Build configuration list for PBXProject "iOSCopilot" */;
			compatibilityVersion = "Xcode 8.0";
			developmentRegion = en;
			hasScannedForEncodings = 0;
			knownRegions = (
				en,
				Base,
			);
			mainGroup = 496BCFA72027A157001C6B48;
			productRefGroup = 496BCFB12027A157001C6B48 /* Products */;
			projectDirPath = "";
			projectRoot = "";
			targets = (
				496BCFAF2027A157001C6B48 /* iOSCopilot */,
				4998316320F0567500C69215 /* tvOSCopilot */,
				4928CEFE210B5F57009E65B1 /* CopilotToday */,
			);
		};
/* End PBXProject section */

/* Begin PBXResourcesBuildPhase section */
		4928CEFD210B5F57009E65B1 /* Resources */ = {
			isa = PBXResourcesBuildPhase;
			buildActionMask = 2147483647;
			files = (
				4928CF07210B5F57009E65B1 /* MainInterface.storyboard in Resources */,
			);
			runOnlyForDeploymentPostprocessing = 0;
		};
		496BCFAE2027A157001C6B48 /* Resources */ = {
			isa = PBXResourcesBuildPhase;
			buildActionMask = 2147483647;
			files = (
				4998318A20F24B6F00C69215 /* Settings.bundle in Resources */,
				496BCFC02027A157001C6B48 /* LaunchScreen.storyboard in Resources */,
				496BCFBD2027A157001C6B48 /* Assets.xcassets in Resources */,
				496BCFBB2027A157001C6B48 /* Main.storyboard in Resources */,
			);
			runOnlyForDeploymentPostprocessing = 0;
		};
		4998316220F0567500C69215 /* Resources */ = {
			isa = PBXResourcesBuildPhase;
			buildActionMask = 2147483647;
			files = (
				4998316E20F0567600C69215 /* Assets.xcassets in Resources */,
				4998318B20F24B6F00C69215 /* Settings.bundle in Resources */,
				4998316C20F0567500C69215 /* Main.storyboard in Resources */,
			);
			runOnlyForDeploymentPostprocessing = 0;
		};
/* End PBXResourcesBuildPhase section */

/* Begin PBXShellScriptBuildPhase section */
		4922D8082103573C00E14B3D /* ShellScript */ = {
			isa = PBXShellScriptBuildPhase;
			buildActionMask = 2147483647;
			files = (
			);
			inputPaths = (
				"$(SRCROOT)/Carthage/Build/tvOS/Charts.framework",
				"$(SRCROOT)/Carthage/Build/tvOS/Surge.framework",
			);
			outputPaths = (
				"$(DERIVED_FILE_DIR)/$(FRAMEWORKS_FOLDER_PATH)/Charts.framework",
				"$(DERIVED_FILE_DIR)/$(FRAMEWORKS_FOLDER_PATH)/Surge.framework",
			);
			runOnlyForDeploymentPostprocessing = 0;
			shellPath = /bin/sh;
			shellScript = "/usr/local/bin/carthage copy-frameworks";
		};
		49FFC68C20C577A500DC6D5A /* ShellScript */ = {
			isa = PBXShellScriptBuildPhase;
			buildActionMask = 2147483647;
			files = (
			);
			inputPaths = (
				"$(SRCROOT)/Carthage/Build/iOS/TwilioVoice.framework",
				"$(SRCROOT)/Carthage/Build/iOS/Jukebox.framework",
			);
			outputPaths = (
				"$(DERIVED_FILE_DIR)/$(FRAMEWORKS_FOLDER_PATH)/TwilioVoice.framework",
				"$(DERIVED_FILE_DIR)/$(FRAMEWORKS_FOLDER_PATH)/Jukebox.framework",
			);
			runOnlyForDeploymentPostprocessing = 0;
			shellPath = /bin/sh;
			shellScript = "/usr/local/bin/carthage copy-frameworks";
		};
/* End PBXShellScriptBuildPhase section */

/* Begin PBXSourcesBuildPhase section */
		4928CEFB210B5F57009E65B1 /* Sources */ = {
			isa = PBXSourcesBuildPhase;
			buildActionMask = 2147483647;
			files = (
				4913896B21250EEB0033D98C /* Vehicle.swift in Sources */,
				4955AD19210C9348008E2BA6 /* Biometrics.swift in Sources */,
				4955AD1B210C93A3008E2BA6 /* LocationDatabase.swift in Sources */,
				4928CF04210B5F57009E65B1 /* TodayViewController.swift in Sources */,
				49FEF86C210B62BC0006F0F9 /* GroupData.swift in Sources */,
				4913896A21250EE80033D98C /* User.swift in Sources */,
				4955AD18210C8571008E2BA6 /* RideStatistics.swift in Sources */,
				49138960212506D70033D98C /* Acceleration.swift in Sources */,
				4955AD1A210C9390008E2BA6 /* LocationSegment.swift in Sources */,
			);
			runOnlyForDeploymentPostprocessing = 0;
		};
		496BCFAC2027A157001C6B48 /* Sources */ = {
			isa = PBXSourcesBuildPhase;
			buildActionMask = 2147483647;
			files = (
				4955AD1D210E29B3008E2BA6 /* ModeManager.swift in Sources */,
				49381ECA20FB6CB800F7982D /* LoginViewController.swift in Sources */,
				493E653520FE012E0054797D /* LocationSegment.swift in Sources */,
				49C288C2203085C200D5C212 /* TrafficStatus.swift in Sources */,
				49138959212505950033D98C /* AudioAlerts.swift in Sources */,
				49137BC620FD6FB300DE6B90 /* LocationDatabase.swift in Sources */,
				4913894E2125002B0033D98C /* Account.swift in Sources */,
				4998318620F0EC5700C69215 /* NetworkingViewController.swift in Sources */,
				49C288CB203103FD00D5C212 /* MainTabController.swift in Sources */,
				4913895B212505F20033D98C /* TrafficCam.swift in Sources */,
				49FFC68E20C579F700DC6D5A /* CommsController.swift in Sources */,
				49381EC620FB6B0D00F7982D /* JWT.swift in Sources */,
				4955AD16210C8571008E2BA6 /* RideStatistics.swift in Sources */,
				4913896821250EC00033D98C /* User.swift in Sources */,
				49138953212503470033D98C /* MeshConnection.swift in Sources */,
				4998318320F0DB8800C69215 /* MeshDiscovery.swift in Sources */,
				49D85CC520345A000088B633 /* WeatherStatus.swift in Sources */,
				491389512125019A0033D98C /* ForecastPeriod.swift in Sources */,
				4913894C2124FF780033D98C /* Traffic.swift in Sources */,
				4913895E212506B70033D98C /* Acceleration.swift in Sources */,
				49561112202F451B00464A53 /* WebUplink.swift in Sources */,
				49D85CCB203879560088B633 /* LocationStats.swift in Sources */,
				496BCFCE2028807A001C6B48 /* LocationTracker.swift in Sources */,
				496BCFB42027A157001C6B48 /* AppDelegate.swift in Sources */,
				49381EC220FB6AF100F7982D /* CopilotApi.swift in Sources */,
				4913896521250EAF0033D98C /* Vehicle.swift in Sources */,
				49D85CCF203F11D70088B633 /* TrafficCamController.swift in Sources */,
				4922D8032102AF5800E14B3D /* Biometrics.swift in Sources */,
				4922D801210208BB00E14B3D /* BiometricTracker.swift in Sources */,
				49C288C42030B13A00D5C212 /* Configuration.swift in Sources */,
				49D85CCD203C53E40088B633 /* TrafficCams.swift in Sources */,
				491389562125037E0033D98C /* MeshPacket.swift in Sources */,
				496BCFB62027A157001C6B48 /* MapViewController.swift in Sources */,
				49B69D3B2031B32700ACD609 /* WeatherController.swift in Sources */,
				49FEF86A210B62BC0006F0F9 /* GroupData.swift in Sources */,
			);
			runOnlyForDeploymentPostprocessing = 0;
		};
		4998316020F0567500C69215 /* Sources */ = {
			isa = PBXSourcesBuildPhase;
			buildActionMask = 2147483647;
			files = (
				4922D8042102AF5800E14B3D /* Biometrics.swift in Sources */,
				4998318420F0DB8800C69215 /* MeshDiscovery.swift in Sources */,
				4955AD17210C8571008E2BA6 /* RideStatistics.swift in Sources */,
				49381EC320FB6AF100F7982D /* CopilotApi.swift in Sources */,
				4913894F212500530033D98C /* Account.swift in Sources */,
				49137BC720FD6FB300DE6B90 /* LocationDatabase.swift in Sources */,
				4913896D21250FDB0033D98C /* Configuration.swift in Sources */,
				49138954212503680033D98C /* MeshConnection.swift in Sources */,
				4913896921250EC00033D98C /* User.swift in Sources */,
				491389572125037E0033D98C /* MeshPacket.swift in Sources */,
				49381EC720FB6B0D00F7982D /* JWT.swift in Sources */,
				4998316920F0567500C69215 /* MainMapViewController.swift in Sources */,
				4913896C21250FCB0033D98C /* WebUplink.swift in Sources */,
				4998316720F0567500C69215 /* AppDelegate.swift in Sources */,
				493E653620FE012E0054797D /* LocationSegment.swift in Sources */,
				49FEF86B210B62BC0006F0F9 /* GroupData.swift in Sources */,
				49FEF87E210C10500006F0F9 /* StatisticsViewController.swift in Sources */,
				4913896621250EAF0033D98C /* Vehicle.swift in Sources */,
				4913896E21250FE80033D98C /* TrafficCams.swift in Sources */,
				4913895C212505F20033D98C /* TrafficCam.swift in Sources */,
				4913895F212506B70033D98C /* Acceleration.swift in Sources */,
			);
			runOnlyForDeploymentPostprocessing = 0;
		};
/* End PBXSourcesBuildPhase section */

/* Begin PBXTargetDependency section */
		4928CF0A210B5F57009E65B1 /* PBXTargetDependency */ = {
			isa = PBXTargetDependency;
			target = 4928CEFE210B5F57009E65B1 /* CopilotToday */;
			targetProxy = 4928CF09210B5F57009E65B1 /* PBXContainerItemProxy */;
		};
/* End PBXTargetDependency section */

/* Begin PBXVariantGroup section */
		4928CF05210B5F57009E65B1 /* MainInterface.storyboard */ = {
			isa = PBXVariantGroup;
			children = (
				4928CF06210B5F57009E65B1 /* Base */,
			);
			name = MainInterface.storyboard;
			sourceTree = "<group>";
		};
		496BCFB92027A157001C6B48 /* Main.storyboard */ = {
			isa = PBXVariantGroup;
			children = (
				496BCFBA2027A157001C6B48 /* Base */,
			);
			name = Main.storyboard;
			sourceTree = "<group>";
		};
		496BCFBE2027A157001C6B48 /* LaunchScreen.storyboard */ = {
			isa = PBXVariantGroup;
			children = (
				496BCFBF2027A157001C6B48 /* Base */,
			);
			name = LaunchScreen.storyboard;
			sourceTree = "<group>";
		};
		4998316A20F0567500C69215 /* Main.storyboard */ = {
			isa = PBXVariantGroup;
			children = (
				4998316B20F0567500C69215 /* Base */,
			);
			name = Main.storyboard;
			sourceTree = "<group>";
		};
/* End PBXVariantGroup section */

/* Begin XCBuildConfiguration section */
		4928CF0C210B5F57009E65B1 /* Debug */ = {
			isa = XCBuildConfiguration;
			buildSettings = {
				CLANG_ENABLE_OBJC_WEAK = YES;
				CODE_SIGN_ENTITLEMENTS = CopilotToday/CopilotToday.entitlements;
				CODE_SIGN_STYLE = Automatic;
				DEVELOPMENT_TEAM = H64UU5B675;
				INFOPLIST_FILE = CopilotToday/Info.plist;
				IPHONEOS_DEPLOYMENT_TARGET = 11.4;
				LD_RUNPATH_SEARCH_PATHS = "$(inherited) @executable_path/Frameworks @executable_path/../../Frameworks";
				PRODUCT_BUNDLE_IDENTIFIER = net.kronmiller.william.motorcycle.iOSCopilot.CopilotToday;
				PRODUCT_NAME = "$(TARGET_NAME)";
				SKIP_INSTALL = YES;
				SWIFT_VERSION = 4.0;
				TARGETED_DEVICE_FAMILY = "1,2";
			};
			name = Debug;
		};
		4928CF0D210B5F57009E65B1 /* Release */ = {
			isa = XCBuildConfiguration;
			buildSettings = {
				CLANG_ENABLE_OBJC_WEAK = YES;
				CODE_SIGN_ENTITLEMENTS = CopilotToday/CopilotToday.entitlements;
				CODE_SIGN_STYLE = Automatic;
				DEVELOPMENT_TEAM = H64UU5B675;
				INFOPLIST_FILE = CopilotToday/Info.plist;
				IPHONEOS_DEPLOYMENT_TARGET = 11.4;
				LD_RUNPATH_SEARCH_PATHS = "$(inherited) @executable_path/Frameworks @executable_path/../../Frameworks";
				PRODUCT_BUNDLE_IDENTIFIER = net.kronmiller.william.motorcycle.iOSCopilot.CopilotToday;
				PRODUCT_NAME = "$(TARGET_NAME)";
				SKIP_INSTALL = YES;
				SWIFT_VERSION = 4.0;
				TARGETED_DEVICE_FAMILY = "1,2";
			};
			name = Release;
		};
		496BCFC22027A157001C6B48 /* Debug */ = {
			isa = XCBuildConfiguration;
			buildSettings = {
				ALWAYS_SEARCH_USER_PATHS = NO;
				CLANG_ANALYZER_NONNULL = YES;
				CLANG_ANALYZER_NUMBER_OBJECT_CONVERSION = YES_AGGRESSIVE;
				CLANG_CXX_LANGUAGE_STANDARD = "gnu++14";
				CLANG_CXX_LIBRARY = "libc++";
				CLANG_ENABLE_MODULES = YES;
				CLANG_ENABLE_OBJC_ARC = YES;
				CLANG_WARN_BLOCK_CAPTURE_AUTORELEASING = YES;
				CLANG_WARN_BOOL_CONVERSION = YES;
				CLANG_WARN_COMMA = YES;
				CLANG_WARN_CONSTANT_CONVERSION = YES;
				CLANG_WARN_DEPRECATED_OBJC_IMPLEMENTATIONS = YES;
				CLANG_WARN_DIRECT_OBJC_ISA_USAGE = YES_ERROR;
				CLANG_WARN_DOCUMENTATION_COMMENTS = YES;
				CLANG_WARN_EMPTY_BODY = YES;
				CLANG_WARN_ENUM_CONVERSION = YES;
				CLANG_WARN_INFINITE_RECURSION = YES;
				CLANG_WARN_INT_CONVERSION = YES;
				CLANG_WARN_NON_LITERAL_NULL_CONVERSION = YES;
				CLANG_WARN_OBJC_IMPLICIT_RETAIN_SELF = YES;
				CLANG_WARN_OBJC_LITERAL_CONVERSION = YES;
				CLANG_WARN_OBJC_ROOT_CLASS = YES_ERROR;
				CLANG_WARN_RANGE_LOOP_ANALYSIS = YES;
				CLANG_WARN_STRICT_PROTOTYPES = YES;
				CLANG_WARN_SUSPICIOUS_MOVE = YES;
				CLANG_WARN_UNGUARDED_AVAILABILITY = YES_AGGRESSIVE;
				CLANG_WARN_UNREACHABLE_CODE = YES;
				CLANG_WARN__DUPLICATE_METHOD_MATCH = YES;
				CODE_SIGN_IDENTITY = "iPhone Developer";
				COPY_PHASE_STRIP = NO;
				DEBUG_INFORMATION_FORMAT = dwarf;
				ENABLE_STRICT_OBJC_MSGSEND = YES;
				ENABLE_TESTABILITY = YES;
				GCC_C_LANGUAGE_STANDARD = gnu11;
				GCC_DYNAMIC_NO_PIC = NO;
				GCC_NO_COMMON_BLOCKS = YES;
				GCC_OPTIMIZATION_LEVEL = 0;
				GCC_PREPROCESSOR_DEFINITIONS = (
					"DEBUG=1",
					"$(inherited)",
				);
				GCC_WARN_64_TO_32_BIT_CONVERSION = YES;
				GCC_WARN_ABOUT_RETURN_TYPE = YES_ERROR;
				GCC_WARN_UNDECLARED_SELECTOR = YES;
				GCC_WARN_UNINITIALIZED_AUTOS = YES_AGGRESSIVE;
				GCC_WARN_UNUSED_FUNCTION = YES;
				GCC_WARN_UNUSED_VARIABLE = YES;
				IPHONEOS_DEPLOYMENT_TARGET = 11.2;
				MTL_ENABLE_DEBUG_INFO = YES;
				ONLY_ACTIVE_ARCH = YES;
				SDKROOT = iphoneos;
				SWIFT_ACTIVE_COMPILATION_CONDITIONS = DEBUG;
				SWIFT_OPTIMIZATION_LEVEL = "-Onone";
			};
			name = Debug;
		};
		496BCFC32027A157001C6B48 /* Release */ = {
			isa = XCBuildConfiguration;
			buildSettings = {
				ALWAYS_SEARCH_USER_PATHS = NO;
				CLANG_ANALYZER_NONNULL = YES;
				CLANG_ANALYZER_NUMBER_OBJECT_CONVERSION = YES_AGGRESSIVE;
				CLANG_CXX_LANGUAGE_STANDARD = "gnu++14";
				CLANG_CXX_LIBRARY = "libc++";
				CLANG_ENABLE_MODULES = YES;
				CLANG_ENABLE_OBJC_ARC = YES;
				CLANG_WARN_BLOCK_CAPTURE_AUTORELEASING = YES;
				CLANG_WARN_BOOL_CONVERSION = YES;
				CLANG_WARN_COMMA = YES;
				CLANG_WARN_CONSTANT_CONVERSION = YES;
				CLANG_WARN_DEPRECATED_OBJC_IMPLEMENTATIONS = YES;
				CLANG_WARN_DIRECT_OBJC_ISA_USAGE = YES_ERROR;
				CLANG_WARN_DOCUMENTATION_COMMENTS = YES;
				CLANG_WARN_EMPTY_BODY = YES;
				CLANG_WARN_ENUM_CONVERSION = YES;
				CLANG_WARN_INFINITE_RECURSION = YES;
				CLANG_WARN_INT_CONVERSION = YES;
				CLANG_WARN_NON_LITERAL_NULL_CONVERSION = YES;
				CLANG_WARN_OBJC_IMPLICIT_RETAIN_SELF = YES;
				CLANG_WARN_OBJC_LITERAL_CONVERSION = YES;
				CLANG_WARN_OBJC_ROOT_CLASS = YES_ERROR;
				CLANG_WARN_RANGE_LOOP_ANALYSIS = YES;
				CLANG_WARN_STRICT_PROTOTYPES = YES;
				CLANG_WARN_SUSPICIOUS_MOVE = YES;
				CLANG_WARN_UNGUARDED_AVAILABILITY = YES_AGGRESSIVE;
				CLANG_WARN_UNREACHABLE_CODE = YES;
				CLANG_WARN__DUPLICATE_METHOD_MATCH = YES;
				CODE_SIGN_IDENTITY = "iPhone Developer";
				COPY_PHASE_STRIP = NO;
				DEBUG_INFORMATION_FORMAT = "dwarf-with-dsym";
				ENABLE_NS_ASSERTIONS = NO;
				ENABLE_STRICT_OBJC_MSGSEND = YES;
				GCC_C_LANGUAGE_STANDARD = gnu11;
				GCC_NO_COMMON_BLOCKS = YES;
				GCC_WARN_64_TO_32_BIT_CONVERSION = YES;
				GCC_WARN_ABOUT_RETURN_TYPE = YES_ERROR;
				GCC_WARN_UNDECLARED_SELECTOR = YES;
				GCC_WARN_UNINITIALIZED_AUTOS = YES_AGGRESSIVE;
				GCC_WARN_UNUSED_FUNCTION = YES;
				GCC_WARN_UNUSED_VARIABLE = YES;
				IPHONEOS_DEPLOYMENT_TARGET = 11.2;
				MTL_ENABLE_DEBUG_INFO = NO;
				SDKROOT = iphoneos;
				SWIFT_OPTIMIZATION_LEVEL = "-Owholemodule";
				VALIDATE_PRODUCT = YES;
			};
			name = Release;
		};
		496BCFC52027A157001C6B48 /* Debug */ = {
			isa = XCBuildConfiguration;
			buildSettings = {
				ALWAYS_EMBED_SWIFT_STANDARD_LIBRARIES = YES;
				ASSETCATALOG_COMPILER_APPICON_NAME = AppIcon;
				CODE_SIGN_ENTITLEMENTS = iOSCopilot/iOSCopilot.entitlements;
				CODE_SIGN_STYLE = Automatic;
				DEVELOPMENT_TEAM = H64UU5B675;
				FRAMEWORK_SEARCH_PATHS = (
					"$(inherited)",
					"$(PROJECT_DIR)",
					"$(PROJECT_DIR)/Carthage/Build/iOS",
				);
				INFOPLIST_FILE = iOSCopilot/Info.plist;
				LD_RUNPATH_SEARCH_PATHS = "$(inherited) @executable_path/Frameworks";
				PRODUCT_BUNDLE_IDENTIFIER = net.kronmiller.william.motorcycle.iOSCopilot;
				PRODUCT_NAME = "$(TARGET_NAME)";
				SWIFT_VERSION = 4.0;
				TARGETED_DEVICE_FAMILY = "1,2";
			};
			name = Debug;
		};
		496BCFC62027A157001C6B48 /* Release */ = {
			isa = XCBuildConfiguration;
			buildSettings = {
				ALWAYS_EMBED_SWIFT_STANDARD_LIBRARIES = YES;
				ASSETCATALOG_COMPILER_APPICON_NAME = AppIcon;
				CODE_SIGN_ENTITLEMENTS = iOSCopilot/iOSCopilot.entitlements;
				CODE_SIGN_STYLE = Automatic;
				DEVELOPMENT_TEAM = H64UU5B675;
				FRAMEWORK_SEARCH_PATHS = (
					"$(inherited)",
					"$(PROJECT_DIR)",
					"$(PROJECT_DIR)/Carthage/Build/iOS",
				);
				INFOPLIST_FILE = iOSCopilot/Info.plist;
				LD_RUNPATH_SEARCH_PATHS = "$(inherited) @executable_path/Frameworks";
				PRODUCT_BUNDLE_IDENTIFIER = net.kronmiller.william.motorcycle.iOSCopilot;
				PRODUCT_NAME = "$(TARGET_NAME)";
				SWIFT_VERSION = 4.0;
				TARGETED_DEVICE_FAMILY = "1,2";
			};
			name = Release;
		};
		4998317020F0567600C69215 /* Debug */ = {
			isa = XCBuildConfiguration;
			buildSettings = {
				ASSETCATALOG_COMPILER_APPICON_NAME = "App Icon & Top Shelf Image";
				ASSETCATALOG_COMPILER_LAUNCHIMAGE_NAME = "Launch Image";
				CLANG_ENABLE_OBJC_WEAK = YES;
				CLANG_WARN_DEPRECATED_OBJC_IMPLEMENTATIONS = YES;
				CLANG_WARN_OBJC_IMPLICIT_RETAIN_SELF = YES;
				CODE_SIGN_STYLE = Automatic;
				DEVELOPMENT_TEAM = H64UU5B675;
				FRAMEWORK_SEARCH_PATHS = (
					"$(inherited)",
					"$(PROJECT_DIR)/Carthage/Build/tvOS",
				);
				INFOPLIST_FILE = tvOSCopilot/Info.plist;
				LD_RUNPATH_SEARCH_PATHS = "$(inherited) @executable_path/Frameworks";
				PRODUCT_BUNDLE_IDENTIFIER = coffee.rory.tvOSCopilot;
				PRODUCT_NAME = "$(TARGET_NAME)";
				SDKROOT = appletvos;
				SWIFT_VERSION = 4.0;
				TARGETED_DEVICE_FAMILY = 3;
				TVOS_DEPLOYMENT_TARGET = 11.4;
			};
			name = Debug;
		};
		4998317120F0567600C69215 /* Release */ = {
			isa = XCBuildConfiguration;
			buildSettings = {
				ASSETCATALOG_COMPILER_APPICON_NAME = "App Icon & Top Shelf Image";
				ASSETCATALOG_COMPILER_LAUNCHIMAGE_NAME = "Launch Image";
				CLANG_ENABLE_OBJC_WEAK = YES;
				CLANG_WARN_DEPRECATED_OBJC_IMPLEMENTATIONS = YES;
				CLANG_WARN_OBJC_IMPLICIT_RETAIN_SELF = YES;
				CODE_SIGN_STYLE = Automatic;
				DEVELOPMENT_TEAM = H64UU5B675;
				FRAMEWORK_SEARCH_PATHS = (
					"$(inherited)",
					"$(PROJECT_DIR)/Carthage/Build/tvOS",
				);
				INFOPLIST_FILE = tvOSCopilot/Info.plist;
				LD_RUNPATH_SEARCH_PATHS = "$(inherited) @executable_path/Frameworks";
				PRODUCT_BUNDLE_IDENTIFIER = coffee.rory.tvOSCopilot;
				PRODUCT_NAME = "$(TARGET_NAME)";
				SDKROOT = appletvos;
				SWIFT_VERSION = 4.0;
				TARGETED_DEVICE_FAMILY = 3;
				TVOS_DEPLOYMENT_TARGET = 11.4;
			};
			name = Release;
		};
/* End XCBuildConfiguration section */

/* Begin XCConfigurationList section */
		4928CF0E210B5F57009E65B1 /* Build configuration list for PBXNativeTarget "CopilotToday" */ = {
			isa = XCConfigurationList;
			buildConfigurations = (
				4928CF0C210B5F57009E65B1 /* Debug */,
				4928CF0D210B5F57009E65B1 /* Release */,
			);
			defaultConfigurationIsVisible = 0;
			defaultConfigurationName = Release;
		};
		496BCFAB2027A157001C6B48 /* Build configuration list for PBXProject "iOSCopilot" */ = {
			isa = XCConfigurationList;
			buildConfigurations = (
				496BCFC22027A157001C6B48 /* Debug */,
				496BCFC32027A157001C6B48 /* Release */,
			);
			defaultConfigurationIsVisible = 0;
			defaultConfigurationName = Release;
		};
		496BCFC42027A157001C6B48 /* Build configuration list for PBXNativeTarget "iOSCopilot" */ = {
			isa = XCConfigurationList;
			buildConfigurations = (
				496BCFC52027A157001C6B48 /* Debug */,
				496BCFC62027A157001C6B48 /* Release */,
			);
			defaultConfigurationIsVisible = 0;
			defaultConfigurationName = Release;
		};
		4998317220F0567600C69215 /* Build configuration list for PBXNativeTarget "tvOSCopilot" */ = {
			isa = XCConfigurationList;
			buildConfigurations = (
				4998317020F0567600C69215 /* Debug */,
				4998317120F0567600C69215 /* Release */,
			);
			defaultConfigurationIsVisible = 0;
			defaultConfigurationName = Release;
		};
/* End XCConfigurationList section */
	};
	rootObject = 496BCFA82027A157001C6B48 /* Project object */;
}
